// !$*UTF8*$!
{
	archiveVersion = 1;
	classes = {
	};
	objectVersion = 56;
	objects = {

/* Begin PBXBuildFile section */
		0CE50DC63009BFAE001B34AA /* EnayaProviderApp.swift in Sources */ = {isa = PBXBuildFile; fileRef = 0CE50DC53009BFAE001B34AA /* EnayaProviderApp.swift */; };
		0CE50DC83009BFAE001B34AA /* ContentView.swift in Sources */ = {isa = PBXBuildFile; fileRef = 0CE50DC73009BFAE001B34AA /* ContentView.swift */; };
		0CE50DCD3009BFAF001B34AA /* Preview Assets.xcassets in Resources */ = {isa = PBXBuildFile; fileRef = 0CE50DCC3009BFAF001B34AA /* Preview Assets.xcassets */; };
		0CE50DD73009BFB0001B34AA /* EnayaProviderTests.swift in Sources */ = {isa = PBXBuildFile; fileRef = 0CE50DD63009BFB0001B34AA /* EnayaProviderTests.swift */; };
		0CE50DE13009BFB0001B34AA /* EnayaProviderUITests.swift in Sources */ = {isa = PBXBuildFile; fileRef = 0CE50DE03009BFB0001B34AA /* EnayaProviderUITests.swift */; };
		0CE50DE33009BFB0001B34AA /* EnayaProviderUITestsLaunchTests.swift in Sources */ = {isa = PBXBuildFile; fileRef = 0CE50DE23009BFB0001B34AA /* EnayaProviderUITestsLaunchTests.swift */; };
		B3544D02300EA1F3007EDB87 /* PersonalInfo.swift in Sources */ = {isa = PBXBuildFile; fileRef = B3544D01300EA1F3007EDB87 /* PersonalInfo.swift */; };
		B3544D04300EA20C007EDB87 /* ProfessionalInfo.swift in Sources */ = {isa = PBXBuildFile; fileRef = B3544D03300EA20C007EDB87 /* ProfessionalInfo.swift */; };
		B3544D06300EA229007EDB87 /* ProvidedServices.swift in Sources */ = {isa = PBXBuildFile; fileRef = B3544D05300EA229007EDB87 /* ProvidedServices.swift */; };
		B3544D09300EA2A6007EDB87 /* SubmitProfileApplicationUseCaseProtocol.swift in Sources */ = {isa = PBXBuildFile; fileRef = B3544D08300EA2A6007EDB87 /* SubmitProfileApplicationUseCaseProtocol.swift */; };
		B3544D0C300EA30B007EDB87 /* ProfileSetupHeaderBar.swift in Sources */ = {isa = PBXBuildFile; fileRef = B3544D0B300EA30B007EDB87 /* ProfileSetupHeaderBar.swift */; };
		B3544D0E300EA325007EDB87 /* ProfileContinueFooter.swift in Sources */ = {isa = PBXBuildFile; fileRef = B3544D0D300EA325007EDB87 /* ProfileContinueFooter.swift */; };
		B3544D10300EA32E007EDB87 /* SelectionField.swift in Sources */ = {isa = PBXBuildFile; fileRef = B3544D0F300EA32E007EDB87 /* SelectionField.swift */; };
		B3544D12300EA336007EDB87 /* DateOfBirthField.swift in Sources */ = {isa = PBXBuildFile; fileRef = B3544D11300EA336007EDB87 /* DateOfBirthField.swift */; };
		B3544D14300EA33F007EDB87 /* DocumentUploadCard.swift in Sources */ = {isa = PBXBuildFile; fileRef = B3544D13300EA33F007EDB87 /* DocumentUploadCard.swift */; };
		B3544D16300EA349007EDB87 /* ServiceSelectionGrid.swift in Sources */ = {isa = PBXBuildFile; fileRef = B3544D15300EA349007EDB87 /* ServiceSelectionGrid.swift */; };
		B3544D18300EA35A007EDB87 /* ReviewSectionCard.swift in Sources */ = {isa = PBXBuildFile; fileRef = B3544D17300EA35A007EDB87 /* ReviewSectionCard.swift */; };
		B3544D1A300EA367007EDB87 /* PersonalInfoViewModel.swift in Sources */ = {isa = PBXBuildFile; fileRef = B3544D19300EA367007EDB87 /* PersonalInfoViewModel.swift */; };
		B3544D1C300EA371007EDB87 /* ProfessionalInfoViewModel.swift in Sources */ = {isa = PBXBuildFile; fileRef = B3544D1B300EA371007EDB87 /* ProfessionalInfoViewModel.swift */; };
		B3544D1E300EA379007EDB87 /* ProvidedServicesViewModel.swift in Sources */ = {isa = PBXBuildFile; fileRef = B3544D1D300EA379007EDB87 /* ProvidedServicesViewModel.swift */; };
		B3544D20300EA383007EDB87 /* ReviewApplicationViewModel.swift in Sources */ = {isa = PBXBuildFile; fileRef = B3544D1F300EA383007EDB87 /* ReviewApplicationViewModel.swift */; };
		B3544D22300EA38F007EDB87 /* PersonalInfoView.swift in Sources */ = {isa = PBXBuildFile; fileRef = B3544D21300EA38F007EDB87 /* PersonalInfoView.swift */; };
		B3544D24300EA39A007EDB87 /* ProfessionalInfoView.swift in Sources */ = {isa = PBXBuildFile; fileRef = B3544D23300EA39A007EDB87 /* ProfessionalInfoView.swift */; };
		B3544D26300EA3A2007EDB87 /* ProvidedServicesView.swift in Sources */ = {isa = PBXBuildFile; fileRef = B3544D25300EA3A2007EDB87 /* ProvidedServicesView.swift */; };
		B3544D28300EA3AA007EDB87 /* ReviewApplicationView.swift in Sources */ = {isa = PBXBuildFile; fileRef = B3544D27300EA3AA007EDB87 /* ReviewApplicationView.swift */; };
		B3544D31300EACDE007EDB87 /* RejectionTip.swift in Sources */ = {isa = PBXBuildFile; fileRef = B3544D30300EACDE007EDB87 /* RejectionTip.swift */; };
		B3544D33300EAD02007EDB87 /* ApplicationStatusHeader.swift in Sources */ = {isa = PBXBuildFile; fileRef = B3544D32300EAD02007EDB87 /* ApplicationStatusHeader.swift */; };
		B3544D35300EAD1B007EDB87 /* StatusHeroBadge.swift in Sources */ = {isa = PBXBuildFile; fileRef = B3544D34300EAD1B007EDB87 /* StatusHeroBadge.swift */; };
		B3544D37300EAD2F007EDB87 /* ChecklistItemState.swift in Sources */ = {isa = PBXBuildFile; fileRef = B3544D36300EAD2F007EDB87 /* ChecklistItemState.swift */; };
		B3544D39300EAD56007EDB87 /* UnderReviewViewModel.swift in Sources */ = {isa = PBXBuildFile; fileRef = B3544D38300EAD56007EDB87 /* UnderReviewViewModel.swift */; };
		B3544D3B300EAD66007EDB87 /* DocumentRejectedViewModel.swift in Sources */ = {isa = PBXBuildFile; fileRef = B3544D3A300EAD66007EDB87 /* DocumentRejectedViewModel.swift */; };
		B3544D3D300EADE2007EDB87 /* AccountVerifiedViewModel.swift in Sources */ = {isa = PBXBuildFile; fileRef = B3544D3C300EADE2007EDB87 /* AccountVerifiedViewModel.swift */; };
		B3544D3F300EAE03007EDB87 /* UnderReviewView.swift in Sources */ = {isa = PBXBuildFile; fileRef = B3544D3E300EAE03007EDB87 /* UnderReviewView.swift */; };
		B3544D41300EAE0D007EDB87 /* AccountVerifiedView.swift in Sources */ = {isa = PBXBuildFile; fileRef = B3544D40300EAE0D007EDB87 /* AccountVerifiedView.swift */; };
		B3544D43300EAE1A007EDB87 /* DocumentRejectedView.swift in Sources */ = {isa = PBXBuildFile; fileRef = B3544D42300EAE1A007EDB87 /* DocumentRejectedView.swift */; };
		B3CAF25C300E8D7B006A9F5F /* CarelyButtonStyle.swift in Sources */ = {isa = PBXBuildFile; fileRef = B3CAF25B300E8D7B006A9F5F /* CarelyButtonStyle.swift */; };
		B3CAF25E300E8DEA006A9F5F /* Colors.xcassets in Resources */ = {isa = PBXBuildFile; fileRef = B3CAF25D300E8DEA006A9F5F /* Colors.xcassets */; };
		B3CAF268300E8EB2006A9F5F /* SecondaryChip.swift in Sources */ = {isa = PBXBuildFile; fileRef = B3CAF266300E8EB2006A9F5F /* SecondaryChip.swift */; };
		B3CAF269300E8EB2006A9F5F /* StepProgressHeader.swift in Sources */ = {isa = PBXBuildFile; fileRef = B3CAF267300E8EB2006A9F5F /* StepProgressHeader.swift */; };
		B3CAF26A300E8EB2006A9F5F /* CarelyTextFieldSize.swift in Sources */ = {isa = PBXBuildFile; fileRef = B3CAF260300E8EB2006A9F5F /* CarelyTextFieldSize.swift */; };
		B3CAF26B300E8EB2006A9F5F /* CustomTextAreaView.swift in Sources */ = {isa = PBXBuildFile; fileRef = B3CAF261300E8EB2006A9F5F /* CustomTextAreaView.swift */; };
		B3CAF26C300E8EB2006A9F5F /* CarelyTextField.swift in Sources */ = {isa = PBXBuildFile; fileRef = B3CAF25F300E8EB2006A9F5F /* CarelyTextField.swift */; };
		B3CAF26D300E8EB2006A9F5F /* SecondaryButton.swift in Sources */ = {isa = PBXBuildFile; fileRef = B3CAF265300E8EB2006A9F5F /* SecondaryButton.swift */; };
		B3CAF26E300E8EB2006A9F5F /* PrimaryChip.swift in Sources */ = {isa = PBXBuildFile; fileRef = B3CAF264300E8EB2006A9F5F /* PrimaryChip.swift */; };
		B3CAF26F300E8EB2006A9F5F /* InfoBannerView.swift in Sources */ = {isa = PBXBuildFile; fileRef = B3CAF262300E8EB2006A9F5F /* InfoBannerView.swift */; };
		B3CAF270300E8EB2006A9F5F /* PrimaryButton.swift in Sources */ = {isa = PBXBuildFile; fileRef = B3CAF263300E8EB2006A9F5F /* PrimaryButton.swift */; };
		B3CAF29A300E9469006A9F5F /* ProfileSetupRepositoryImpl.swift in Sources */ = {isa = PBXBuildFile; fileRef = B3CAF271300E9469006A9F5F /* ProfileSetupRepositoryImpl.swift */; };
		B3CAF2A8300E9469006A9F5F /* ProfileSetupCoordinatorView.swift in Sources */ = {isa = PBXBuildFile; fileRef = B3CAF296300E9469006A9F5F /* ProfileSetupCoordinatorView.swift */; };
		B3CAF2AF300E9469006A9F5F /* ProfileSetupRepositoryProtocol.swift in Sources */ = {isa = PBXBuildFile; fileRef = B3CAF27E300E9469006A9F5F /* ProfileSetupRepositoryProtocol.swift */; };
		B3CAF2B3300E9469006A9F5F /* ProfileSetupStep.swift in Sources */ = {isa = PBXBuildFile; fileRef = B3CAF297300E9469006A9F5F /* ProfileSetupStep.swift */; };
		B3CAF2B6300E9469006A9F5F /* ProfileSetupCoordinator.swift in Sources */ = {isa = PBXBuildFile; fileRef = B3CAF295300E9469006A9F5F /* ProfileSetupCoordinator.swift */; };
		B3CAF2B9300E964C006A9F5F /* ProfileSetupData.swift in Sources */ = {isa = PBXBuildFile; fileRef = B3CAF2B8300E964C006A9F5F /* ProfileSetupData.swift */; };
		B3CAF2BB300E9F38006A9F5F /* ApplicationStatus.swift in Sources */ = {isa = PBXBuildFile; fileRef = B3CAF2BA300E9F38006A9F5F /* ApplicationStatus.swift */; };
		C6C3BE67300A7CA300C5FC25 /* Colors.swift in Sources */ = {isa = PBXBuildFile; fileRef = C6C3BE46300A7CA300C5FC25 /* Colors.swift */; };
		C6C3BE68300A7CA300C5FC25 /* Radius.swift in Sources */ = {isa = PBXBuildFile; fileRef = C6C3BE49300A7CA300C5FC25 /* Radius.swift */; };
		C6C3BE69300A7CA300C5FC25 /* Shadow.swift in Sources */ = {isa = PBXBuildFile; fileRef = C6C3BE4A300A7CA300C5FC25 /* Shadow.swift */; };
		C6C3BE6A300A7CA300C5FC25 /* ApiClient.swift in Sources */ = {isa = PBXBuildFile; fileRef = C6C3BE62300A7CA300C5FC25 /* ApiClient.swift */; };
		C6C3BE6B300A7CA300C5FC25 /* AppImages.swift in Sources */ = {isa = PBXBuildFile; fileRef = C6C3BE44300A7CA300C5FC25 /* AppImages.swift */; };
		C6C3BE6C300A7CA300C5FC25 /* IconSize.swift in Sources */ = {isa = PBXBuildFile; fileRef = C6C3BE47300A7CA300C5FC25 /* IconSize.swift */; };
		C6C3BE6D300A7CA300C5FC25 /* DIContainer.swift in Sources */ = {isa = PBXBuildFile; fileRef = C6C3BE5F300A7CA300C5FC25 /* DIContainer.swift */; };
		C6C3BE6E300A7CA300C5FC25 /* UtilityFile.swift in Sources */ = {isa = PBXBuildFile; fileRef = C6C3BE64300A7CA300C5FC25 /* UtilityFile.swift */; };
		C6C3BE6F300A7CA300C5FC25 /* Spacing.swift in Sources */ = {isa = PBXBuildFile; fileRef = C6C3BE4B300A7CA300C5FC25 /* Spacing.swift */; };
		C6C3BE70300A7CA300C5FC25 /* Typography.swift in Sources */ = {isa = PBXBuildFile; fileRef = C6C3BE4C300A7CA300C5FC25 /* Typography.swift */; };
		C6C3BE71300A7CA300C5FC25 /* Motion.swift in Sources */ = {isa = PBXBuildFile; fileRef = C6C3BE48300A7CA300C5FC25 /* Motion.swift */; };
		C6C3BE72300A7CA300C5FC25 /* Poppins-Bold.ttf in Resources */ = {isa = PBXBuildFile; fileRef = C6C3BE54300A7CA300C5FC25 /* Poppins-Bold.ttf */; };
		C6C3BE73300A7CA300C5FC25 /* Poppins-Light.ttf in Resources */ = {isa = PBXBuildFile; fileRef = C6C3BE55300A7CA300C5FC25 /* Poppins-Light.ttf */; };
		C6C3BE74300A7CA300C5FC25 /* Assets.xcassets in Resources */ = {isa = PBXBuildFile; fileRef = C6C3BE5B300A7CA300C5FC25 /* Assets.xcassets */; };
		C6C3BE75300A7CA300C5FC25 /* Cairo-Light.ttf in Resources */ = {isa = PBXBuildFile; fileRef = C6C3BE4F300A7CA300C5FC25 /* Cairo-Light.ttf */; };
		C6C3BE76300A7CA300C5FC25 /* Cairo-Regular.ttf in Resources */ = {isa = PBXBuildFile; fileRef = C6C3BE51300A7CA300C5FC25 /* Cairo-Regular.ttf */; };
		C6C3BE77300A7CA300C5FC25 /* Cairo-Medium.ttf in Resources */ = {isa = PBXBuildFile; fileRef = C6C3BE50300A7CA300C5FC25 /* Cairo-Medium.ttf */; };
		C6C3BE78300A7CA300C5FC25 /* Cairo-SemiBold.ttf in Resources */ = {isa = PBXBuildFile; fileRef = C6C3BE52300A7CA300C5FC25 /* Cairo-SemiBold.ttf */; };
		C6C3BE79300A7CA300C5FC25 /* Poppins-Medium.ttf in Resources */ = {isa = PBXBuildFile; fileRef = C6C3BE56300A7CA300C5FC25 /* Poppins-Medium.ttf */; };
		C6C3BE7A300A7CA300C5FC25 /* Cairo-Bold.ttf in Resources */ = {isa = PBXBuildFile; fileRef = C6C3BE4E300A7CA300C5FC25 /* Cairo-Bold.ttf */; };
		C6C3BE7B300A7CA300C5FC25 /* Poppins-Regular.ttf in Resources */ = {isa = PBXBuildFile; fileRef = C6C3BE57300A7CA300C5FC25 /* Poppins-Regular.ttf */; };
		C6C3BE7D300A7CA300C5FC25 /* Poppins-SemiBold.ttf in Resources */ = {isa = PBXBuildFile; fileRef = C6C3BE58300A7CA300C5FC25 /* Poppins-SemiBold.ttf */; };
		C6C3BE85300A7EBD00C5FC25 /* AppState.swift in Sources */ = {isa = PBXBuildFile; fileRef = C6C3BE80300A7EBD00C5FC25 /* AppState.swift */; };
		C6C3BE86300A7EBD00C5FC25 /* AuthRouter.swift in Sources */ = {isa = PBXBuildFile; fileRef = C6C3BE83300A7EBD00C5FC25 /* AuthRouter.swift */; };
		C6C3BE87300A7EBD00C5FC25 /* AuthCoordinator.swift in Sources */ = {isa = PBXBuildFile; fileRef = C6C3BE81300A7EBD00C5FC25 /* AuthCoordinator.swift */; };
		C6C3BE88300A7EBD00C5FC25 /* AuthRoute.swift in Sources */ = {isa = PBXBuildFile; fileRef = C6C3BE82300A7EBD00C5FC25 /* AuthRoute.swift */; };
		C6C3BEC1300A7EEE00C5FC25 /* AppHeader.swift in Sources */ = {isa = PBXBuildFile; fileRef = C6C3BEBD300A7EEE00C5FC25 /* AppHeader.swift */; };
		C6C3BEC2300A7EEE00C5FC25 /* AuthHeaderView.swift in Sources */ = {isa = PBXBuildFile; fileRef = C6C3BE9D300A7EEE00C5FC25 /* AuthHeaderView.swift */; };
		C6C3BEC3300A7EEE00C5FC25 /* mapperfile.swift in Sources */ = {isa = PBXBuildFile; fileRef = C6C3BE8D300A7EEE00C5FC25 /* mapperfile.swift */; };
		C6C3BEC4300A7EEE00C5FC25 /* CustomInputView.swift in Sources */ = {isa = PBXBuildFile; fileRef = C6C3BEA0300A7EEE00C5FC25 /* CustomInputView.swift */; };
		C6C3BEC6300A7EEE00C5FC25 /* GenderSelectionView.swift in Sources */ = {isa = PBXBuildFile; fileRef = C6C3BEA2300A7EEE00C5FC25 /* GenderSelectionView.swift */; };
		C6C3BEC7300A7EEE00C5FC25 /* EncryptionNoticeBanner.swift in Sources */ = {isa = PBXBuildFile; fileRef = C6C3BEA1300A7EEE00C5FC25 /* EncryptionNoticeBanner.swift */; };
		C6C3BEC8300A7EEE00C5FC25 /* AuthRepositoryProtocol.swift in Sources */ = {isa = PBXBuildFile; fileRef = C6C3BE96300A7EEE00C5FC25 /* AuthRepositoryProtocol.swift */; };
		C6C3BEC9300A7EEE00C5FC25 /* AlertBanner.swift in Sources */ = {isa = PBXBuildFile; fileRef = C6C3BEBC300A7EEE00C5FC25 /* AlertBanner.swift */; };
		C6C3BECA300A7EEE00C5FC25 /* AuthRemoteDataSource.swift in Sources */ = {isa = PBXBuildFile; fileRef = C6C3BE89300A7EEE00C5FC25 /* AuthRemoteDataSource.swift */; };
		C6C3BECB300A7EEE00C5FC25 /* OTPResendSectionView.swift in Sources */ = {isa = PBXBuildFile; fileRef = C6C3BEA5300A7EEE00C5FC25 /* OTPResendSectionView.swift */; };
		C6C3BECC300A7EEE00C5FC25 /* CompleteHealthProfileButton.swift in Sources */ = {isa = PBXBuildFile; fileRef = C6C3BE9E300A7EEE00C5FC25 /* CompleteHealthProfileButton.swift */; };
		C6C3BECD300A7EEE00C5FC25 /* ActionCard.swift in Sources */ = {isa = PBXBuildFile; fileRef = C6C3BE9C300A7EEE00C5FC25 /* ActionCard.swift */; };
		C6C3BECE300A7EEE00C5FC25 /* AuthViewModel.swift in Sources */ = {isa = PBXBuildFile; fileRef = C6C3BEB4300A7EEE00C5FC25 /* AuthViewModel.swift */; };
		C6C3BECF300A7EEE00C5FC25 /* OTPDigitInputField.swift in Sources */ = {isa = PBXBuildFile; fileRef = C6C3BEA4300A7EEE00C5FC25 /* OTPDigitInputField.swift */; };
		C6C3BED0300A7EEE00C5FC25 /* VerifyOTPUseCase.swift in Sources */ = {isa = PBXBuildFile; fileRef = C6C3BE99300A7EEE00C5FC25 /* VerifyOTPUseCase.swift */; };
		C6C3BED1300A7EEE00C5FC25 /* SecurityIndicator.swift in Sources */ = {isa = PBXBuildFile; fileRef = C6C3BEAA300A7EEE00C5FC25 /* SecurityIndicator.swift */; };
		C6C3BED2300A7EEE00C5FC25 /* WelcomeView.swift in Sources */ = {isa = PBXBuildFile; fileRef = C6C3BEB1300A7EEE00C5FC25 /* WelcomeView.swift */; };
		C6C3BED3300A7EEE00C5FC25 /* AuthRepositoryImpl.swift in Sources */ = {isa = PBXBuildFile; fileRef = C6C3BE8F300A7EEE00C5FC25 /* AuthRepositoryImpl.swift */; };
		C6C3BED4300A7EEE00C5FC25 /* OTPVerificationViewModel.swift in Sources */ = {isa = PBXBuildFile; fileRef = C6C3BEB5300A7EEE00C5FC25 /* OTPVerificationViewModel.swift */; };
		C6C3BED5300A7EEE00C5FC25 /* PhoneNumberField.swift in Sources */ = {isa = PBXBuildFile; fileRef = C6C3BEA8300A7EEE00C5FC25 /* PhoneNumberField.swift */; };
		C6C3BED7300A7EEE00C5FC25 /* OTPVerificationView.swift in Sources */ = {isa = PBXBuildFile; fileRef = C6C3BEAD300A7EEE00C5FC25 /* OTPVerificationView.swift */; };
		C6C3BED9300A7EEE00C5FC25 /* OTPVerificationCardView.swift in Sources */ = {isa = PBXBuildFile; fileRef = C6C3BEA6300A7EEE00C5FC25 /* OTPVerificationCardView.swift */; };
		C6C3BEDA300A7EEE00C5FC25 /* AuthError.swift in Sources */ = {isa = PBXBuildFile; fileRef = C6C3BE92300A7EEE00C5FC25 /* AuthError.swift */; };
		C6C3BEDC300A7EEE00C5FC25 /* AuthDto.swift in Sources */ = {isa = PBXBuildFile; fileRef = C6C3BE8B300A7EEE00C5FC25 /* AuthDto.swift */; };
		C6C3BEDE300A7EEE00C5FC25 /* OTPVerificationEntity.swift in Sources */ = {isa = PBXBuildFile; fileRef = C6C3BE94300A7EEE00C5FC25 /* OTPVerificationEntity.swift */; };
		C6C3BEDF300A7EEE00C5FC25 /* loginButton.swift in Sources */ = {isa = PBXBuildFile; fileRef = C6C3BEA3300A7EEE00C5FC25 /* loginButton.swift */; };
		C6C3BEE0300A7EEE00C5FC25 /* SecurityCard.swift in Sources */ = {isa = PBXBuildFile; fileRef = C6C3BEA9300A7EEE00C5FC25 /* SecurityCard.swift */; };
		C6C3BEE1300A7EEE00C5FC25 /* PhoneNumberView.swift in Sources */ = {isa = PBXBuildFile; fileRef = C6C3BEAF300A7EEE00C5FC25 /* PhoneNumberView.swift */; };
		C6C3BEE2300A7EEE00C5FC25 /* CustomDatePickerView.swift in Sources */ = {isa = PBXBuildFile; fileRef = C6C3BE9F300A7EEE00C5FC25 /* CustomDatePickerView.swift */; };
		C6C3BEE6300A7EEE00C5FC25 /* PhoneNumberViewModel.swift in Sources */ = {isa = PBXBuildFile; fileRef = C6C3BEB7300A7EEE00C5FC25 /* PhoneNumberViewModel.swift */; };
		C6C3BEE7300A7EEE00C5FC25 /* SkipForNowButton.swift in Sources */ = {isa = PBXBuildFile; fileRef = C6C3BEAB300A7EEE00C5FC25 /* SkipForNowButton.swift */; };
/* End PBXBuildFile section */

/* Begin PBXContainerItemProxy section */
		0CE50DD33009BFB0001B34AA /* PBXContainerItemProxy */ = {
			isa = PBXContainerItemProxy;
			containerPortal = 0CE50DBA3009BFAE001B34AA /* Project object */;
			proxyType = 1;
			remoteGlobalIDString = 0CE50DC13009BFAE001B34AA;
			remoteInfo = EnayaProvider;
		};
		0CE50DDD3009BFB0001B34AA /* PBXContainerItemProxy */ = {
			isa = PBXContainerItemProxy;
			containerPortal = 0CE50DBA3009BFAE001B34AA /* Project object */;
			proxyType = 1;
			remoteGlobalIDString = 0CE50DC13009BFAE001B34AA;
			remoteInfo = EnayaProvider;
		};
/* End PBXContainerItemProxy section */

/* Begin PBXFileReference section */
		0CE50DC23009BFAE001B34AA /* EnayaProvider.app */ = {isa = PBXFileReference; explicitFileType = wrapper.application; includeInIndex = 0; path = EnayaProvider.app; sourceTree = BUILT_PRODUCTS_DIR; };
		0CE50DC53009BFAE001B34AA /* EnayaProviderApp.swift */ = {isa = PBXFileReference; lastKnownFileType = sourcecode.swift; path = EnayaProviderApp.swift; sourceTree = "<group>"; };
		0CE50DC73009BFAE001B34AA /* ContentView.swift */ = {isa = PBXFileReference; lastKnownFileType = sourcecode.swift; path = ContentView.swift; sourceTree = "<group>"; };
		0CE50DCC3009BFAF001B34AA /* Preview Assets.xcassets */ = {isa = PBXFileReference; lastKnownFileType = folder.assetcatalog; path = "Preview Assets.xcassets"; sourceTree = "<group>"; };
		0CE50DD23009BFB0001B34AA /* EnayaProviderTests.xctest */ = {isa = PBXFileReference; explicitFileType = wrapper.cfbundle; includeInIndex = 0; path = EnayaProviderTests.xctest; sourceTree = BUILT_PRODUCTS_DIR; };
		0CE50DD63009BFB0001B34AA /* EnayaProviderTests.swift */ = {isa = PBXFileReference; lastKnownFileType = sourcecode.swift; path = EnayaProviderTests.swift; sourceTree = "<group>"; };
		0CE50DDC3009BFB0001B34AA /* EnayaProviderUITests.xctest */ = {isa = PBXFileReference; explicitFileType = wrapper.cfbundle; includeInIndex = 0; path = EnayaProviderUITests.xctest; sourceTree = BUILT_PRODUCTS_DIR; };
		0CE50DE03009BFB0001B34AA /* EnayaProviderUITests.swift */ = {isa = PBXFileReference; lastKnownFileType = sourcecode.swift; path = EnayaProviderUITests.swift; sourceTree = "<group>"; };
		0CE50DE23009BFB0001B34AA /* EnayaProviderUITestsLaunchTests.swift */ = {isa = PBXFileReference; lastKnownFileType = sourcecode.swift; path = EnayaProviderUITestsLaunchTests.swift; sourceTree = "<group>"; };
		B3544D01300EA1F3007EDB87 /* PersonalInfo.swift */ = {isa = PBXFileReference; lastKnownFileType = sourcecode.swift; path = PersonalInfo.swift; sourceTree = "<group>"; };
		B3544D03300EA20C007EDB87 /* ProfessionalInfo.swift */ = {isa = PBXFileReference; lastKnownFileType = sourcecode.swift; path = ProfessionalInfo.swift; sourceTree = "<group>"; };
		B3544D05300EA229007EDB87 /* ProvidedServices.swift */ = {isa = PBXFileReference; lastKnownFileType = sourcecode.swift; path = ProvidedServices.swift; sourceTree = "<group>"; };
		B3544D08300EA2A6007EDB87 /* SubmitProfileApplicationUseCaseProtocol.swift */ = {isa = PBXFileReference; lastKnownFileType = sourcecode.swift; path = SubmitProfileApplicationUseCaseProtocol.swift; sourceTree = "<group>"; };
		B3544D0B300EA30B007EDB87 /* ProfileSetupHeaderBar.swift */ = {isa = PBXFileReference; lastKnownFileType = sourcecode.swift; path = ProfileSetupHeaderBar.swift; sourceTree = "<group>"; };
		B3544D0D300EA325007EDB87 /* ProfileContinueFooter.swift */ = {isa = PBXFileReference; lastKnownFileType = sourcecode.swift; path = ProfileContinueFooter.swift; sourceTree = "<group>"; };
		B3544D0F300EA32E007EDB87 /* SelectionField.swift */ = {isa = PBXFileReference; lastKnownFileType = sourcecode.swift; path = SelectionField.swift; sourceTree = "<group>"; };
		B3544D11300EA336007EDB87 /* DateOfBirthField.swift */ = {isa = PBXFileReference; lastKnownFileType = sourcecode.swift; path = DateOfBirthField.swift; sourceTree = "<group>"; };
		B3544D13300EA33F007EDB87 /* DocumentUploadCard.swift */ = {isa = PBXFileReference; lastKnownFileType = sourcecode.swift; path = DocumentUploadCard.swift; sourceTree = "<group>"; };
		B3544D15300EA349007EDB87 /* ServiceSelectionGrid.swift */ = {isa = PBXFileReference; lastKnownFileType = sourcecode.swift; path = ServiceSelectionGrid.swift; sourceTree = "<group>"; };
		B3544D17300EA35A007EDB87 /* ReviewSectionCard.swift */ = {isa = PBXFileReference; lastKnownFileType = sourcecode.swift; path = ReviewSectionCard.swift; sourceTree = "<group>"; };
		B3544D19300EA367007EDB87 /* PersonalInfoViewModel.swift */ = {isa = PBXFileReference; lastKnownFileType = sourcecode.swift; path = PersonalInfoViewModel.swift; sourceTree = "<group>"; };
		B3544D1B300EA371007EDB87 /* ProfessionalInfoViewModel.swift */ = {isa = PBXFileReference; lastKnownFileType = sourcecode.swift; path = ProfessionalInfoViewModel.swift; sourceTree = "<group>"; };
		B3544D1D300EA379007EDB87 /* ProvidedServicesViewModel.swift */ = {isa = PBXFileReference; lastKnownFileType = sourcecode.swift; path = ProvidedServicesViewModel.swift; sourceTree = "<group>"; };
		B3544D1F300EA383007EDB87 /* ReviewApplicationViewModel.swift */ = {isa = PBXFileReference; lastKnownFileType = sourcecode.swift; path = ReviewApplicationViewModel.swift; sourceTree = "<group>"; };
		B3544D21300EA38F007EDB87 /* PersonalInfoView.swift */ = {isa = PBXFileReference; lastKnownFileType = sourcecode.swift; path = PersonalInfoView.swift; sourceTree = "<group>"; };
		B3544D23300EA39A007EDB87 /* ProfessionalInfoView.swift */ = {isa = PBXFileReference; lastKnownFileType = sourcecode.swift; path = ProfessionalInfoView.swift; sourceTree = "<group>"; };
		B3544D25300EA3A2007EDB87 /* ProvidedServicesView.swift */ = {isa = PBXFileReference; lastKnownFileType = sourcecode.swift; path = ProvidedServicesView.swift; sourceTree = "<group>"; };
		B3544D27300EA3AA007EDB87 /* ReviewApplicationView.swift */ = {isa = PBXFileReference; lastKnownFileType = sourcecode.swift; path = ReviewApplicationView.swift; sourceTree = "<group>"; };
		B3544D30300EACDE007EDB87 /* RejectionTip.swift */ = {isa = PBXFileReference; lastKnownFileType = sourcecode.swift; path = RejectionTip.swift; sourceTree = "<group>"; };
		B3544D32300EAD02007EDB87 /* ApplicationStatusHeader.swift */ = {isa = PBXFileReference; lastKnownFileType = sourcecode.swift; path = ApplicationStatusHeader.swift; sourceTree = "<group>"; };
		B3544D34300EAD1B007EDB87 /* StatusHeroBadge.swift */ = {isa = PBXFileReference; lastKnownFileType = sourcecode.swift; path = StatusHeroBadge.swift; sourceTree = "<group>"; };
		B3544D36300EAD2F007EDB87 /* ChecklistItemState.swift */ = {isa = PBXFileReference; lastKnownFileType = sourcecode.swift; path = ChecklistItemState.swift; sourceTree = "<group>"; };
		B3544D38300EAD56007EDB87 /* UnderReviewViewModel.swift */ = {isa = PBXFileReference; lastKnownFileType = sourcecode.swift; path = UnderReviewViewModel.swift; sourceTree = "<group>"; };
		B3544D3A300EAD66007EDB87 /* DocumentRejectedViewModel.swift */ = {isa = PBXFileReference; lastKnownFileType = sourcecode.swift; path = DocumentRejectedViewModel.swift; sourceTree = "<group>"; };
		B3544D3C300EADE2007EDB87 /* AccountVerifiedViewModel.swift */ = {isa = PBXFileReference; lastKnownFileType = sourcecode.swift; path = AccountVerifiedViewModel.swift; sourceTree = "<group>"; };
		B3544D3E300EAE03007EDB87 /* UnderReviewView.swift */ = {isa = PBXFileReference; lastKnownFileType = sourcecode.swift; path = UnderReviewView.swift; sourceTree = "<group>"; };
		B3544D40300EAE0D007EDB87 /* AccountVerifiedView.swift */ = {isa = PBXFileReference; lastKnownFileType = sourcecode.swift; path = AccountVerifiedView.swift; sourceTree = "<group>"; };
		B3544D42300EAE1A007EDB87 /* DocumentRejectedView.swift */ = {isa = PBXFileReference; lastKnownFileType = sourcecode.swift; path = DocumentRejectedView.swift; sourceTree = "<group>"; };
		B3CAF25B300E8D7B006A9F5F /* CarelyButtonStyle.swift */ = {isa = PBXFileReference; lastKnownFileType = sourcecode.swift; path = CarelyButtonStyle.swift; sourceTree = "<group>"; };
		B3CAF25D300E8DEA006A9F5F /* Colors.xcassets */ = {isa = PBXFileReference; lastKnownFileType = folder.assetcatalog; path = Colors.xcassets; sourceTree = "<group>"; };
		B3CAF25F300E8EB2006A9F5F /* CarelyTextField.swift */ = {isa = PBXFileReference; lastKnownFileType = sourcecode.swift; path = CarelyTextField.swift; sourceTree = "<group>"; };
		B3CAF260300E8EB2006A9F5F /* CarelyTextFieldSize.swift */ = {isa = PBXFileReference; lastKnownFileType = sourcecode.swift; path = CarelyTextFieldSize.swift; sourceTree = "<group>"; };
		B3CAF261300E8EB2006A9F5F /* CustomTextAreaView.swift */ = {isa = PBXFileReference; lastKnownFileType = sourcecode.swift; path = CustomTextAreaView.swift; sourceTree = "<group>"; };
		B3CAF262300E8EB2006A9F5F /* InfoBannerView.swift */ = {isa = PBXFileReference; lastKnownFileType = sourcecode.swift; path = InfoBannerView.swift; sourceTree = "<group>"; };
		B3CAF263300E8EB2006A9F5F /* PrimaryButton.swift */ = {isa = PBXFileReference; lastKnownFileType = sourcecode.swift; path = PrimaryButton.swift; sourceTree = "<group>"; };
		B3CAF264300E8EB2006A9F5F /* PrimaryChip.swift */ = {isa = PBXFileReference; lastKnownFileType = sourcecode.swift; path = PrimaryChip.swift; sourceTree = "<group>"; };
		B3CAF265300E8EB2006A9F5F /* SecondaryButton.swift */ = {isa = PBXFileReference; lastKnownFileType = sourcecode.swift; path = SecondaryButton.swift; sourceTree = "<group>"; };
		B3CAF266300E8EB2006A9F5F /* SecondaryChip.swift */ = {isa = PBXFileReference; lastKnownFileType = sourcecode.swift; path = SecondaryChip.swift; sourceTree = "<group>"; };
		B3CAF267300E8EB2006A9F5F /* StepProgressHeader.swift */ = {isa = PBXFileReference; lastKnownFileType = sourcecode.swift; path = StepProgressHeader.swift; sourceTree = "<group>"; };
		B3CAF271300E9469006A9F5F /* ProfileSetupRepositoryImpl.swift */ = {isa = PBXFileReference; lastKnownFileType = sourcecode.swift; path = ProfileSetupRepositoryImpl.swift; sourceTree = "<group>"; };
		B3CAF27E300E9469006A9F5F /* ProfileSetupRepositoryProtocol.swift */ = {isa = PBXFileReference; lastKnownFileType = sourcecode.swift; path = ProfileSetupRepositoryProtocol.swift; sourceTree = "<group>"; };
		B3CAF295300E9469006A9F5F /* ProfileSetupCoordinator.swift */ = {isa = PBXFileReference; lastKnownFileType = sourcecode.swift; path = ProfileSetupCoordinator.swift; sourceTree = "<group>"; };
		B3CAF296300E9469006A9F5F /* ProfileSetupCoordinatorView.swift */ = {isa = PBXFileReference; lastKnownFileType = sourcecode.swift; path = ProfileSetupCoordinatorView.swift; sourceTree = "<group>"; };
		B3CAF297300E9469006A9F5F /* ProfileSetupStep.swift */ = {isa = PBXFileReference; lastKnownFileType = sourcecode.swift; path = ProfileSetupStep.swift; sourceTree = "<group>"; };
		B3CAF2B8300E964C006A9F5F /* ProfileSetupData.swift */ = {isa = PBXFileReference; lastKnownFileType = sourcecode.swift; path = ProfileSetupData.swift; sourceTree = "<group>"; };
		B3CAF2BA300E9F38006A9F5F /* ApplicationStatus.swift */ = {isa = PBXFileReference; lastKnownFileType = sourcecode.swift; path = ApplicationStatus.swift; sourceTree = "<group>"; };
		C6C3BE44300A7CA300C5FC25 /* AppImages.swift */ = {isa = PBXFileReference; lastKnownFileType = sourcecode.swift; path = AppImages.swift; sourceTree = "<group>"; };
		C6C3BE46300A7CA300C5FC25 /* Colors.swift */ = {isa = PBXFileReference; lastKnownFileType = sourcecode.swift; path = Colors.swift; sourceTree = "<group>"; };
		C6C3BE47300A7CA300C5FC25 /* IconSize.swift */ = {isa = PBXFileReference; lastKnownFileType = sourcecode.swift; path = IconSize.swift; sourceTree = "<group>"; };
		C6C3BE48300A7CA300C5FC25 /* Motion.swift */ = {isa = PBXFileReference; lastKnownFileType = sourcecode.swift; path = Motion.swift; sourceTree = "<group>"; };
		C6C3BE49300A7CA300C5FC25 /* Radius.swift */ = {isa = PBXFileReference; lastKnownFileType = sourcecode.swift; path = Radius.swift; sourceTree = "<group>"; };
		C6C3BE4A300A7CA300C5FC25 /* Shadow.swift */ = {isa = PBXFileReference; lastKnownFileType = sourcecode.swift; path = Shadow.swift; sourceTree = "<group>"; };
		C6C3BE4B300A7CA300C5FC25 /* Spacing.swift */ = {isa = PBXFileReference; lastKnownFileType = sourcecode.swift; path = Spacing.swift; sourceTree = "<group>"; };
		C6C3BE4C300A7CA300C5FC25 /* Typography.swift */ = {isa = PBXFileReference; lastKnownFileType = sourcecode.swift; path = Typography.swift; sourceTree = "<group>"; };
		C6C3BE4E300A7CA300C5FC25 /* Cairo-Bold.ttf */ = {isa = PBXFileReference; lastKnownFileType = file; path = "Cairo-Bold.ttf"; sourceTree = "<group>"; };
		C6C3BE4F300A7CA300C5FC25 /* Cairo-Light.ttf */ = {isa = PBXFileReference; lastKnownFileType = file; path = "Cairo-Light.ttf"; sourceTree = "<group>"; };
		C6C3BE50300A7CA300C5FC25 /* Cairo-Medium.ttf */ = {isa = PBXFileReference; lastKnownFileType = file; path = "Cairo-Medium.ttf"; sourceTree = "<group>"; };
		C6C3BE51300A7CA300C5FC25 /* Cairo-Regular.ttf */ = {isa = PBXFileReference; lastKnownFileType = file; path = "Cairo-Regular.ttf"; sourceTree = "<group>"; };
		C6C3BE52300A7CA300C5FC25 /* Cairo-SemiBold.ttf */ = {isa = PBXFileReference; lastKnownFileType = file; path = "Cairo-SemiBold.ttf"; sourceTree = "<group>"; };
		C6C3BE54300A7CA300C5FC25 /* Poppins-Bold.ttf */ = {isa = PBXFileReference; lastKnownFileType = file; path = "Poppins-Bold.ttf"; sourceTree = "<group>"; };
		C6C3BE55300A7CA300C5FC25 /* Poppins-Light.ttf */ = {isa = PBXFileReference; lastKnownFileType = file; path = "Poppins-Light.ttf"; sourceTree = "<group>"; };
		C6C3BE56300A7CA300C5FC25 /* Poppins-Medium.ttf */ = {isa = PBXFileReference; lastKnownFileType = file; path = "Poppins-Medium.ttf"; sourceTree = "<group>"; };
		C6C3BE57300A7CA300C5FC25 /* Poppins-Regular.ttf */ = {isa = PBXFileReference; lastKnownFileType = file; path = "Poppins-Regular.ttf"; sourceTree = "<group>"; };
		C6C3BE58300A7CA300C5FC25 /* Poppins-SemiBold.ttf */ = {isa = PBXFileReference; lastKnownFileType = file; path = "Poppins-SemiBold.ttf"; sourceTree = "<group>"; };
		C6C3BE5B300A7CA300C5FC25 /* Assets.xcassets */ = {isa = PBXFileReference; lastKnownFileType = folder.assetcatalog; path = Assets.xcassets; sourceTree = "<group>"; };
		C6C3BE5F300A7CA300C5FC25 /* DIContainer.swift */ = {isa = PBXFileReference; lastKnownFileType = sourcecode.swift; path = DIContainer.swift; sourceTree = "<group>"; };
		C6C3BE62300A7CA300C5FC25 /* ApiClient.swift */ = {isa = PBXFileReference; lastKnownFileType = sourcecode.swift; path = ApiClient.swift; sourceTree = "<group>"; };
		C6C3BE64300A7CA300C5FC25 /* UtilityFile.swift */ = {isa = PBXFileReference; lastKnownFileType = sourcecode.swift; path = UtilityFile.swift; sourceTree = "<group>"; };
		C6C3BE7E300A7D9B00C5FC25 /* Info.plist */ = {isa = PBXFileReference; lastKnownFileType = text.plist; path = Info.plist; sourceTree = "<group>"; };
		C6C3BE80300A7EBD00C5FC25 /* AppState.swift */ = {isa = PBXFileReference; lastKnownFileType = sourcecode.swift; path = AppState.swift; sourceTree = "<group>"; };
		C6C3BE81300A7EBD00C5FC25 /* AuthCoordinator.swift */ = {isa = PBXFileReference; lastKnownFileType = sourcecode.swift; path = AuthCoordinator.swift; sourceTree = "<group>"; };
		C6C3BE82300A7EBD00C5FC25 /* AuthRoute.swift */ = {isa = PBXFileReference; lastKnownFileType = sourcecode.swift; path = AuthRoute.swift; sourceTree = "<group>"; };
		C6C3BE83300A7EBD00C5FC25 /* AuthRouter.swift */ = {isa = PBXFileReference; lastKnownFileType = sourcecode.swift; path = AuthRouter.swift; sourceTree = "<group>"; };
		C6C3BE89300A7EEE00C5FC25 /* AuthRemoteDataSource.swift */ = {isa = PBXFileReference; lastKnownFileType = sourcecode.swift; path = AuthRemoteDataSource.swift; sourceTree = "<group>"; };
		C6C3BE8B300A7EEE00C5FC25 /* AuthDto.swift */ = {isa = PBXFileReference; lastKnownFileType = sourcecode.swift; path = AuthDto.swift; sourceTree = "<group>"; };
		C6C3BE8D300A7EEE00C5FC25 /* mapperfile.swift */ = {isa = PBXFileReference; lastKnownFileType = sourcecode.swift; path = mapperfile.swift; sourceTree = "<group>"; };
		C6C3BE8F300A7EEE00C5FC25 /* AuthRepositoryImpl.swift */ = {isa = PBXFileReference; lastKnownFileType = sourcecode.swift; path = AuthRepositoryImpl.swift; sourceTree = "<group>"; };
		C6C3BE92300A7EEE00C5FC25 /* AuthError.swift */ = {isa = PBXFileReference; lastKnownFileType = sourcecode.swift; path = AuthError.swift; sourceTree = "<group>"; };
		C6C3BE94300A7EEE00C5FC25 /* OTPVerificationEntity.swift */ = {isa = PBXFileReference; lastKnownFileType = sourcecode.swift; path = OTPVerificationEntity.swift; sourceTree = "<group>"; };
		C6C3BE96300A7EEE00C5FC25 /* AuthRepositoryProtocol.swift */ = {isa = PBXFileReference; lastKnownFileType = sourcecode.swift; path = AuthRepositoryProtocol.swift; sourceTree = "<group>"; };
		C6C3BE99300A7EEE00C5FC25 /* VerifyOTPUseCase.swift */ = {isa = PBXFileReference; lastKnownFileType = sourcecode.swift; path = VerifyOTPUseCase.swift; sourceTree = "<group>"; };
		C6C3BE9C300A7EEE00C5FC25 /* ActionCard.swift */ = {isa = PBXFileReference; lastKnownFileType = sourcecode.swift; path = ActionCard.swift; sourceTree = "<group>"; };
		C6C3BE9D300A7EEE00C5FC25 /* AuthHeaderView.swift */ = {isa = PBXFileReference; lastKnownFileType = sourcecode.swift; path = AuthHeaderView.swift; sourceTree = "<group>"; };
		C6C3BE9E300A7EEE00C5FC25 /* CompleteHealthProfileButton.swift */ = {isa = PBXFileReference; lastKnownFileType = sourcecode.swift; path = CompleteHealthProfileButton.swift; sourceTree = "<group>"; };
		C6C3BE9F300A7EEE00C5FC25 /* CustomDatePickerView.swift */ = {isa = PBXFileReference; lastKnownFileType = sourcecode.swift; path = CustomDatePickerView.swift; sourceTree = "<group>"; };
		C6C3BEA0300A7EEE00C5FC25 /* CustomInputView.swift */ = {isa = PBXFileReference; lastKnownFileType = sourcecode.swift; path = CustomInputView.swift; sourceTree = "<group>"; };
		C6C3BEA1300A7EEE00C5FC25 /* EncryptionNoticeBanner.swift */ = {isa = PBXFileReference; lastKnownFileType = sourcecode.swift; path = EncryptionNoticeBanner.swift; sourceTree = "<group>"; };
		C6C3BEA2300A7EEE00C5FC25 /* GenderSelectionView.swift */ = {isa = PBXFileReference; lastKnownFileType = sourcecode.swift; path = GenderSelectionView.swift; sourceTree = "<group>"; };
		C6C3BEA3300A7EEE00C5FC25 /* loginButton.swift */ = {isa = PBXFileReference; lastKnownFileType = sourcecode.swift; path = loginButton.swift; sourceTree = "<group>"; };
		C6C3BEA4300A7EEE00C5FC25 /* OTPDigitInputField.swift */ = {isa = PBXFileReference; lastKnownFileType = sourcecode.swift; path = OTPDigitInputField.swift; sourceTree = "<group>"; };
		C6C3BEA5300A7EEE00C5FC25 /* OTPResendSectionView.swift */ = {isa = PBXFileReference; lastKnownFileType = sourcecode.swift; path = OTPResendSectionView.swift; sourceTree = "<group>"; };
		C6C3BEA6300A7EEE00C5FC25 /* OTPVerificationCardView.swift */ = {isa = PBXFileReference; lastKnownFileType = sourcecode.swift; path = OTPVerificationCardView.swift; sourceTree = "<group>"; };
		C6C3BEA8300A7EEE00C5FC25 /* PhoneNumberField.swift */ = {isa = PBXFileReference; lastKnownFileType = sourcecode.swift; path = PhoneNumberField.swift; sourceTree = "<group>"; };
		C6C3BEA9300A7EEE00C5FC25 /* SecurityCard.swift */ = {isa = PBXFileReference; lastKnownFileType = sourcecode.swift; path = SecurityCard.swift; sourceTree = "<group>"; };
		C6C3BEAA300A7EEE00C5FC25 /* SecurityIndicator.swift */ = {isa = PBXFileReference; lastKnownFileType = sourcecode.swift; path = SecurityIndicator.swift; sourceTree = "<group>"; };
		C6C3BEAB300A7EEE00C5FC25 /* SkipForNowButton.swift */ = {isa = PBXFileReference; lastKnownFileType = sourcecode.swift; path = SkipForNowButton.swift; sourceTree = "<group>"; };
		C6C3BEAD300A7EEE00C5FC25 /* OTPVerificationView.swift */ = {isa = PBXFileReference; lastKnownFileType = sourcecode.swift; path = OTPVerificationView.swift; sourceTree = "<group>"; };
		C6C3BEAF300A7EEE00C5FC25 /* PhoneNumberView.swift */ = {isa = PBXFileReference; lastKnownFileType = sourcecode.swift; path = PhoneNumberView.swift; sourceTree = "<group>"; };
		C6C3BEB1300A7EEE00C5FC25 /* WelcomeView.swift */ = {isa = PBXFileReference; lastKnownFileType = sourcecode.swift; path = WelcomeView.swift; sourceTree = "<group>"; };
		C6C3BEB4300A7EEE00C5FC25 /* AuthViewModel.swift */ = {isa = PBXFileReference; lastKnownFileType = sourcecode.swift; path = AuthViewModel.swift; sourceTree = "<group>"; };
		C6C3BEB5300A7EEE00C5FC25 /* OTPVerificationViewModel.swift */ = {isa = PBXFileReference; lastKnownFileType = sourcecode.swift; path = OTPVerificationViewModel.swift; sourceTree = "<group>"; };
		C6C3BEB7300A7EEE00C5FC25 /* PhoneNumberViewModel.swift */ = {isa = PBXFileReference; lastKnownFileType = sourcecode.swift; path = PhoneNumberViewModel.swift; sourceTree = "<group>"; };
		C6C3BEBC300A7EEE00C5FC25 /* AlertBanner.swift */ = {isa = PBXFileReference; lastKnownFileType = sourcecode.swift; path = AlertBanner.swift; sourceTree = "<group>"; };
		C6C3BEBD300A7EEE00C5FC25 /* AppHeader.swift */ = {isa = PBXFileReference; lastKnownFileType = sourcecode.swift; path = AppHeader.swift; sourceTree = "<group>"; };
/* End PBXFileReference section */

/* Begin PBXFrameworksBuildPhase section */
		0CE50DBF3009BFAE001B34AA /* Frameworks */ = {
			isa = PBXFrameworksBuildPhase;
			buildActionMask = 2147483647;
			files = (
			);
			runOnlyForDeploymentPostprocessing = 0;
		};
		0CE50DCF3009BFB0001B34AA /* Frameworks */ = {
			isa = PBXFrameworksBuildPhase;
			buildActionMask = 2147483647;
			files = (
			);
			runOnlyForDeploymentPostprocessing = 0;
		};
		0CE50DD93009BFB0001B34AA /* Frameworks */ = {
			isa = PBXFrameworksBuildPhase;
			buildActionMask = 2147483647;
			files = (
			);
			runOnlyForDeploymentPostprocessing = 0;
		};
/* End PBXFrameworksBuildPhase section */

/* Begin PBXGroup section */
		0CE50DB93009BFAE001B34AA = {
			isa = PBXGroup;
			children = (
				0CE50DC43009BFAE001B34AA /* EnayaProvider */,
				0CE50DD53009BFB0001B34AA /* EnayaProviderTests */,
				0CE50DDF3009BFB0001B34AA /* EnayaProviderUITests */,
				0CE50DC33009BFAE001B34AA /* Products */,
			);
			sourceTree = "<group>";
		};
		0CE50DC33009BFAE001B34AA /* Products */ = {
			isa = PBXGroup;
			children = (
				0CE50DC23009BFAE001B34AA /* EnayaProvider.app */,
				0CE50DD23009BFB0001B34AA /* EnayaProviderTests.xctest */,
				0CE50DDC3009BFB0001B34AA /* EnayaProviderUITests.xctest */,
			);
			name = Products;
			sourceTree = "<group>";
		};
		0CE50DC43009BFAE001B34AA /* EnayaProvider */ = {
			isa = PBXGroup;
			children = (
				C6C3BE7E300A7D9B00C5FC25 /* Info.plist */,
				C6C3BE66300A7CA300C5FC25 /* Core */,
				C6C3BE7F300A7EA000C5FC25 /* App */,
				C6C3BEC0300A7EEE00C5FC25 /* Features */,
				0CE50DCB3009BFAF001B34AA /* Preview Content */,
			);
			path = EnayaProvider;
			sourceTree = "<group>";
		};
		0CE50DCB3009BFAF001B34AA /* Preview Content */ = {
			isa = PBXGroup;
			children = (
				0CE50DCC3009BFAF001B34AA /* Preview Assets.xcassets */,
			);
			path = "Preview Content";
			sourceTree = "<group>";
		};
		0CE50DD53009BFB0001B34AA /* EnayaProviderTests */ = {
			isa = PBXGroup;
			children = (
				0CE50DD63009BFB0001B34AA /* EnayaProviderTests.swift */,
			);
			path = EnayaProviderTests;
			sourceTree = "<group>";
		};
		0CE50DDF3009BFB0001B34AA /* EnayaProviderUITests */ = {
			isa = PBXGroup;
			children = (
				0CE50DE03009BFB0001B34AA /* EnayaProviderUITests.swift */,
				0CE50DE23009BFB0001B34AA /* EnayaProviderUITestsLaunchTests.swift */,
			);
			path = EnayaProviderUITests;
			sourceTree = "<group>";
		};
		B3544D07300EA296007EDB87 /* UseCases */ = {
			isa = PBXGroup;
			children = (
				B3544D08300EA2A6007EDB87 /* SubmitProfileApplicationUseCaseProtocol.swift */,
			);
			path = UseCases;
			sourceTree = "<group>";
		};
		B3544D0A300EA2F4007EDB87 /* Components */ = {
			isa = PBXGroup;
			children = (
				B3544D17300EA35A007EDB87 /* ReviewSectionCard.swift */,
				B3544D15300EA349007EDB87 /* ServiceSelectionGrid.swift */,
				B3544D13300EA33F007EDB87 /* DocumentUploadCard.swift */,
				B3544D11300EA336007EDB87 /* DateOfBirthField.swift */,
				B3544D0F300EA32E007EDB87 /* SelectionField.swift */,
				B3544D0D300EA325007EDB87 /* ProfileContinueFooter.swift */,
				B3544D0B300EA30B007EDB87 /* ProfileSetupHeaderBar.swift */,
			);
			path = Components;
			sourceTree = "<group>";
		};
		B3544D29300EA543007EDB87 /* ApplicationStatus */ = {
			isa = PBXGroup;
			children = (
				B3544D2C300EA594007EDB87 /* Presentation */,
				B3544D2B300EA582007EDB87 /* Domain */,
				B3544D2A300EA56C007EDB87 /* Data */,
			);
			path = ApplicationStatus;
			sourceTree = "<group>";
		};
		B3544D2A300EA56C007EDB87 /* Data */ = {
			isa = PBXGroup;
			children = (
				B3544D2E300EA5D5007EDB87 /* ViewModel */,
				B3544D2D300EA5CD007EDB87 /* View */,
			);
			path = Data;
			sourceTree = "<group>";
		};
		B3544D2B300EA582007EDB87 /* Domain */ = {
			isa = PBXGroup;
			children = (
				B3544D2F300EACCD007EDB87 /* Entities */,
			);
			path = Domain;
			sourceTree = "<group>";
		};
		B3544D2C300EA594007EDB87 /* Presentation */ = {
			isa = PBXGroup;
			children = (
				B3544D42300EAE1A007EDB87 /* DocumentRejectedView.swift */,
				B3544D40300EAE0D007EDB87 /* AccountVerifiedView.swift */,
				B3544D3E300EAE03007EDB87 /* UnderReviewView.swift */,
				B3544D3C300EADE2007EDB87 /* AccountVerifiedViewModel.swift */,
				B3544D3A300EAD66007EDB87 /* DocumentRejectedViewModel.swift */,
				B3544D38300EAD56007EDB87 /* UnderReviewViewModel.swift */,
				B3544D36300EAD2F007EDB87 /* ChecklistItemState.swift */,
				B3544D34300EAD1B007EDB87 /* StatusHeroBadge.swift */,
				B3544D32300EAD02007EDB87 /* ApplicationStatusHeader.swift */,
			);
			path = Presentation;
			sourceTree = "<group>";
		};
		B3544D2D300EA5CD007EDB87 /* View */ = {
			isa = PBXGroup;
			children = (
			);
			path = View;
			sourceTree = "<group>";
		};
		B3544D2E300EA5D5007EDB87 /* ViewModel */ = {
			isa = PBXGroup;
			children = (
			);
			path = ViewModel;
			sourceTree = "<group>";
		};
		B3544D2F300EACCD007EDB87 /* Entities */ = {
			isa = PBXGroup;
			children = (
				B3544D30300EACDE007EDB87 /* RejectionTip.swift */,
			);
			path = Entities;
			sourceTree = "<group>";
		};
		B3CAF272300E9469006A9F5F /* Repositories */ = {
			isa = PBXGroup;
			children = (
				B3CAF271300E9469006A9F5F /* ProfileSetupRepositoryImpl.swift */,
			);
			path = Repositories;
			sourceTree = "<group>";
		};
		B3CAF273300E9469006A9F5F /* Data */ = {
			isa = PBXGroup;
			children = (
				B3CAF272300E9469006A9F5F /* Repositories */,
			);
			path = Data;
			sourceTree = "<group>";
		};
		B3CAF27D300E9469006A9F5F /* Entities */ = {
			isa = PBXGroup;
			children = (
				B3544D05300EA229007EDB87 /* ProvidedServices.swift */,
				B3544D03300EA20C007EDB87 /* ProfessionalInfo.swift */,
				B3544D01300EA1F3007EDB87 /* PersonalInfo.swift */,
				B3CAF2B8300E964C006A9F5F /* ProfileSetupData.swift */,
			);
			path = Entities;
			sourceTree = "<group>";
		};
		B3CAF27F300E9469006A9F5F /* Repositories */ = {
			isa = PBXGroup;
			children = (
				B3CAF27E300E9469006A9F5F /* ProfileSetupRepositoryProtocol.swift */,
			);
			path = Repositories;
			sourceTree = "<group>";
		};
		B3CAF280300E9469006A9F5F /* Domain */ = {
			isa = PBXGroup;
			children = (
				B3544D07300EA296007EDB87 /* UseCases */,
				B3CAF27D300E9469006A9F5F /* Entities */,
				B3CAF27F300E9469006A9F5F /* Repositories */,
			);
			path = Domain;
			sourceTree = "<group>";
		};
		B3CAF289300E9469006A9F5F /* Screens */ = {
			isa = PBXGroup;
			children = (
				B3544D27300EA3AA007EDB87 /* ReviewApplicationView.swift */,
				B3544D25300EA3A2007EDB87 /* ProvidedServicesView.swift */,
				B3544D23300EA39A007EDB87 /* ProfessionalInfoView.swift */,
				B3544D21300EA38F007EDB87 /* PersonalInfoView.swift */,
			);
			path = Screens;
			sourceTree = "<group>";
		};
		B3CAF28A300E9469006A9F5F /* View */ = {
			isa = PBXGroup;
			children = (
				B3544D0A300EA2F4007EDB87 /* Components */,
				B3CAF289300E9469006A9F5F /* Screens */,
			);
			path = View;
			sourceTree = "<group>";
		};
		B3CAF293300E9469006A9F5F /* ViewModel */ = {
			isa = PBXGroup;
			children = (
				B3544D1F300EA383007EDB87 /* ReviewApplicationViewModel.swift */,
				B3544D1D300EA379007EDB87 /* ProvidedServicesViewModel.swift */,
				B3544D1B300EA371007EDB87 /* ProfessionalInfoViewModel.swift */,
				B3544D19300EA367007EDB87 /* PersonalInfoViewModel.swift */,
			);
			path = ViewModel;
			sourceTree = "<group>";
		};
		B3CAF294300E9469006A9F5F /* Presentation */ = {
			isa = PBXGroup;
			children = (
				B3CAF28A300E9469006A9F5F /* View */,
				B3CAF293300E9469006A9F5F /* ViewModel */,
			);
			path = Presentation;
			sourceTree = "<group>";
		};
		B3CAF298300E9469006A9F5F /* ProfileSetupCoordinator */ = {
			isa = PBXGroup;
			children = (
				B3CAF295300E9469006A9F5F /* ProfileSetupCoordinator.swift */,
				B3CAF296300E9469006A9F5F /* ProfileSetupCoordinatorView.swift */,
				B3CAF297300E9469006A9F5F /* ProfileSetupStep.swift */,
			);
			path = ProfileSetupCoordinator;
			sourceTree = "<group>";
		};
		B3CAF299300E9469006A9F5F /* ProfileSetup */ = {
			isa = PBXGroup;
			children = (
				B3CAF273300E9469006A9F5F /* Data */,
				B3CAF280300E9469006A9F5F /* Domain */,
				B3CAF294300E9469006A9F5F /* Presentation */,
				B3CAF298300E9469006A9F5F /* ProfileSetupCoordinator */,
			);
			path = ProfileSetup;
			sourceTree = "<group>";
		};
		C6C3BE45300A7CA300C5FC25 /* Extensions */ = {
			isa = PBXGroup;
			children = (
				C6C3BE44300A7CA300C5FC25 /* AppImages.swift */,
			);
			path = Extensions;
			sourceTree = "<group>";
		};
		C6C3BE4D300A7CA300C5FC25 /* Foundations */ = {
			isa = PBXGroup;
			children = (
				C6C3BE46300A7CA300C5FC25 /* Colors.swift */,
				C6C3BE47300A7CA300C5FC25 /* IconSize.swift */,
				C6C3BE48300A7CA300C5FC25 /* Motion.swift */,
				C6C3BE49300A7CA300C5FC25 /* Radius.swift */,
				C6C3BE4A300A7CA300C5FC25 /* Shadow.swift */,
				C6C3BE4B300A7CA300C5FC25 /* Spacing.swift */,
				C6C3BE4C300A7CA300C5FC25 /* Typography.swift */,
				B3CAF25B300E8D7B006A9F5F /* CarelyButtonStyle.swift */,
			);
			path = Foundations;
			sourceTree = "<group>";
		};
		C6C3BE53300A7CA300C5FC25 /* Cairo */ = {
			isa = PBXGroup;
			children = (
				C6C3BE4E300A7CA300C5FC25 /* Cairo-Bold.ttf */,
				C6C3BE4F300A7CA300C5FC25 /* Cairo-Light.ttf */,
				C6C3BE50300A7CA300C5FC25 /* Cairo-Medium.ttf */,
				C6C3BE51300A7CA300C5FC25 /* Cairo-Regular.ttf */,
				C6C3BE52300A7CA300C5FC25 /* Cairo-SemiBold.ttf */,
			);
			path = Cairo;
			sourceTree = "<group>";
		};
		C6C3BE59300A7CA300C5FC25 /* Poppins */ = {
			isa = PBXGroup;
			children = (
				C6C3BE54300A7CA300C5FC25 /* Poppins-Bold.ttf */,
				C6C3BE55300A7CA300C5FC25 /* Poppins-Light.ttf */,
				C6C3BE56300A7CA300C5FC25 /* Poppins-Medium.ttf */,
				C6C3BE57300A7CA300C5FC25 /* Poppins-Regular.ttf */,
				C6C3BE58300A7CA300C5FC25 /* Poppins-SemiBold.ttf */,
			);
			path = Poppins;
			sourceTree = "<group>";
		};
		C6C3BE5A300A7CA300C5FC25 /* Fonts */ = {
			isa = PBXGroup;
			children = (
				C6C3BE53300A7CA300C5FC25 /* Cairo */,
				C6C3BE59300A7CA300C5FC25 /* Poppins */,
			);
			path = Fonts;
			sourceTree = "<group>";
		};
		C6C3BE5D300A7CA300C5FC25 /* Resources */ = {
			isa = PBXGroup;
			children = (
				C6C3BE5A300A7CA300C5FC25 /* Fonts */,
				C6C3BE5B300A7CA300C5FC25 /* Assets.xcassets */,
				B3CAF25D300E8DEA006A9F5F /* Colors.xcassets */,
			);
			path = Resources;
			sourceTree = "<group>";
		};
		C6C3BE5E300A7CA300C5FC25 /* DesignSystem */ = {
			isa = PBXGroup;
			children = (
				C6C3BE45300A7CA300C5FC25 /* Extensions */,
				C6C3BE4D300A7CA300C5FC25 /* Foundations */,
				C6C3BE5D300A7CA300C5FC25 /* Resources */,
			);
			path = DesignSystem;
			sourceTree = "<group>";
		};
		C6C3BE60300A7CA300C5FC25 /* DI */ = {
			isa = PBXGroup;
			children = (
				C6C3BE5F300A7CA300C5FC25 /* DIContainer.swift */,
			);
			path = DI;
			sourceTree = "<group>";
		};
		C6C3BE61300A7CA300C5FC25 /* Extensions */ = {
			isa = PBXGroup;
			children = (
			);
			path = Extensions;
			sourceTree = "<group>";
		};
		C6C3BE63300A7CA300C5FC25 /* Network */ = {
			isa = PBXGroup;
			children = (
				C6C3BE62300A7CA300C5FC25 /* ApiClient.swift */,
			);
			path = Network;
			sourceTree = "<group>";
		};
		C6C3BE65300A7CA300C5FC25 /* Utilities */ = {
			isa = PBXGroup;
			children = (
				C6C3BE64300A7CA300C5FC25 /* UtilityFile.swift */,
			);
			path = Utilities;
			sourceTree = "<group>";
		};
		C6C3BE66300A7CA300C5FC25 /* Core */ = {
			isa = PBXGroup;
			children = (
				C6C3BE5E300A7CA300C5FC25 /* DesignSystem */,
				C6C3BE60300A7CA300C5FC25 /* DI */,
				C6C3BE61300A7CA300C5FC25 /* Extensions */,
				C6C3BE63300A7CA300C5FC25 /* Network */,
				C6C3BE65300A7CA300C5FC25 /* Utilities */,
			);
			path = Core;
			sourceTree = "<group>";
		};
		C6C3BE7F300A7EA000C5FC25 /* App */ = {
			isa = PBXGroup;
			children = (
				B3CAF2BA300E9F38006A9F5F /* ApplicationStatus.swift */,
				C6C3BE80300A7EBD00C5FC25 /* AppState.swift */,
				0CE50DC53009BFAE001B34AA /* EnayaProviderApp.swift */,
				0CE50DC73009BFAE001B34AA /* ContentView.swift */,
			);
			path = App;
			sourceTree = "<group>";
		};
		C6C3BE84300A7EBD00C5FC25 /* AuthCoordinator */ = {
			isa = PBXGroup;
			children = (
				C6C3BE81300A7EBD00C5FC25 /* AuthCoordinator.swift */,
				C6C3BE82300A7EBD00C5FC25 /* AuthRoute.swift */,
				C6C3BE83300A7EBD00C5FC25 /* AuthRouter.swift */,
			);
			path = AuthCoordinator;
			sourceTree = "<group>";
		};
		C6C3BE8A300A7EEE00C5FC25 /* DataSources */ = {
			isa = PBXGroup;
			children = (
				C6C3BE89300A7EEE00C5FC25 /* AuthRemoteDataSource.swift */,
			);
			path = DataSources;
			sourceTree = "<group>";
		};
		C6C3BE8C300A7EEE00C5FC25 /* DTOs */ = {
			isa = PBXGroup;
			children = (
				C6C3BE8B300A7EEE00C5FC25 /* AuthDto.swift */,
			);
			path = DTOs;
			sourceTree = "<group>";
		};
		C6C3BE8E300A7EEE00C5FC25 /* Mappers */ = {
			isa = PBXGroup;
			children = (
				C6C3BE8D300A7EEE00C5FC25 /* mapperfile.swift */,
			);
			path = Mappers;
			sourceTree = "<group>";
		};
		C6C3BE90300A7EEE00C5FC25 /* Repositories */ = {
			isa = PBXGroup;
			children = (
				C6C3BE8F300A7EEE00C5FC25 /* AuthRepositoryImpl.swift */,
			);
			path = Repositories;
			sourceTree = "<group>";
		};
		C6C3BE91300A7EEE00C5FC25 /* Data */ = {
			isa = PBXGroup;
			children = (
				C6C3BE8A300A7EEE00C5FC25 /* DataSources */,
				C6C3BE8C300A7EEE00C5FC25 /* DTOs */,
				C6C3BE8E300A7EEE00C5FC25 /* Mappers */,
				C6C3BE90300A7EEE00C5FC25 /* Repositories */,
			);
			path = Data;
			sourceTree = "<group>";
		};
		C6C3BE95300A7EEE00C5FC25 /* Entities */ = {
			isa = PBXGroup;
			children = (
				C6C3BE92300A7EEE00C5FC25 /* AuthError.swift */,
				C6C3BE94300A7EEE00C5FC25 /* OTPVerificationEntity.swift */,
			);
			path = Entities;
			sourceTree = "<group>";
		};
		C6C3BE97300A7EEE00C5FC25 /* Repositories */ = {
			isa = PBXGroup;
			children = (
				C6C3BE96300A7EEE00C5FC25 /* AuthRepositoryProtocol.swift */,
			);
			path = Repositories;
			sourceTree = "<group>";
		};
		C6C3BE9A300A7EEE00C5FC25 /* UseCases */ = {
			isa = PBXGroup;
			children = (
				C6C3BE99300A7EEE00C5FC25 /* VerifyOTPUseCase.swift */,
			);
			path = UseCases;
			sourceTree = "<group>";
		};
		C6C3BE9B300A7EEE00C5FC25 /* Domain */ = {
			isa = PBXGroup;
			children = (
				C6C3BE95300A7EEE00C5FC25 /* Entities */,
				C6C3BE97300A7EEE00C5FC25 /* Repositories */,
				C6C3BE9A300A7EEE00C5FC25 /* UseCases */,
			);
			path = Domain;
			sourceTree = "<group>";
		};
		C6C3BEAC300A7EEE00C5FC25 /* Components */ = {
			isa = PBXGroup;
			children = (
				C6C3BE9C300A7EEE00C5FC25 /* ActionCard.swift */,
				C6C3BE9D300A7EEE00C5FC25 /* AuthHeaderView.swift */,
				C6C3BE9E300A7EEE00C5FC25 /* CompleteHealthProfileButton.swift */,
				C6C3BE9F300A7EEE00C5FC25 /* CustomDatePickerView.swift */,
				C6C3BEA0300A7EEE00C5FC25 /* CustomInputView.swift */,
				C6C3BEA1300A7EEE00C5FC25 /* EncryptionNoticeBanner.swift */,
				C6C3BEA2300A7EEE00C5FC25 /* GenderSelectionView.swift */,
				C6C3BEA3300A7EEE00C5FC25 /* loginButton.swift */,
				C6C3BEA4300A7EEE00C5FC25 /* OTPDigitInputField.swift */,
				C6C3BEA5300A7EEE00C5FC25 /* OTPResendSectionView.swift */,
				C6C3BEA6300A7EEE00C5FC25 /* OTPVerificationCardView.swift */,
				C6C3BEA8300A7EEE00C5FC25 /* PhoneNumberField.swift */,
				C6C3BEA9300A7EEE00C5FC25 /* SecurityCard.swift */,
				C6C3BEAA300A7EEE00C5FC25 /* SecurityIndicator.swift */,
				C6C3BEAB300A7EEE00C5FC25 /* SkipForNowButton.swift */,
			);
			path = Components;
			sourceTree = "<group>";
		};
		C6C3BEB2300A7EEE00C5FC25 /* Screens */ = {
			isa = PBXGroup;
			children = (
				C6C3BEAD300A7EEE00C5FC25 /* OTPVerificationView.swift */,
				C6C3BEAF300A7EEE00C5FC25 /* PhoneNumberView.swift */,
				C6C3BEB1300A7EEE00C5FC25 /* WelcomeView.swift */,
			);
			path = Screens;
			sourceTree = "<group>";
		};
		C6C3BEB3300A7EEE00C5FC25 /* View */ = {
			isa = PBXGroup;
			children = (
				C6C3BEAC300A7EEE00C5FC25 /* Components */,
				C6C3BEB2300A7EEE00C5FC25 /* Screens */,
			);
			path = View;
			sourceTree = "<group>";
		};
		C6C3BEB9300A7EEE00C5FC25 /* ViewModel */ = {
			isa = PBXGroup;
			children = (
				C6C3BEB4300A7EEE00C5FC25 /* AuthViewModel.swift */,
				C6C3BEB5300A7EEE00C5FC25 /* OTPVerificationViewModel.swift */,
				C6C3BEB7300A7EEE00C5FC25 /* PhoneNumberViewModel.swift */,
			);
			path = ViewModel;
			sourceTree = "<group>";
		};
		C6C3BEBA300A7EEE00C5FC25 /* Presentation */ = {
			isa = PBXGroup;
			children = (
				C6C3BEB3300A7EEE00C5FC25 /* View */,
				C6C3BEB9300A7EEE00C5FC25 /* ViewModel */,
			);
			path = Presentation;
			sourceTree = "<group>";
		};
		C6C3BEBB300A7EEE00C5FC25 /* Auth */ = {
			isa = PBXGroup;
			children = (
				C6C3BE84300A7EBD00C5FC25 /* AuthCoordinator */,
				C6C3BE91300A7EEE00C5FC25 /* Data */,
				C6C3BE9B300A7EEE00C5FC25 /* Domain */,
				C6C3BEBA300A7EEE00C5FC25 /* Presentation */,
			);
			path = Auth;
			sourceTree = "<group>";
		};
		C6C3BEBF300A7EEE00C5FC25 /* Shared */ = {
			isa = PBXGroup;
			children = (
				C6C3BEBC300A7EEE00C5FC25 /* AlertBanner.swift */,
				C6C3BEBD300A7EEE00C5FC25 /* AppHeader.swift */,
				B3CAF25F300E8EB2006A9F5F /* CarelyTextField.swift */,
				B3CAF260300E8EB2006A9F5F /* CarelyTextFieldSize.swift */,
				B3CAF261300E8EB2006A9F5F /* CustomTextAreaView.swift */,
				B3CAF262300E8EB2006A9F5F /* InfoBannerView.swift */,
				B3CAF263300E8EB2006A9F5F /* PrimaryButton.swift */,
				B3CAF264300E8EB2006A9F5F /* PrimaryChip.swift */,
				B3CAF265300E8EB2006A9F5F /* SecondaryButton.swift */,
				B3CAF266300E8EB2006A9F5F /* SecondaryChip.swift */,
				B3CAF267300E8EB2006A9F5F /* StepProgressHeader.swift */,
			);
			path = Shared;
			sourceTree = "<group>";
		};
		C6C3BEC0300A7EEE00C5FC25 /* Features */ = {
			isa = PBXGroup;
			children = (
				B3544D29300EA543007EDB87 /* ApplicationStatus */,
				C6C3BEBB300A7EEE00C5FC25 /* Auth */,
				C6C3BEBF300A7EEE00C5FC25 /* Shared */,
				B3CAF299300E9469006A9F5F /* ProfileSetup */,
			);
			path = Features;
			sourceTree = "<group>";
		};
/* End PBXGroup section */

/* Begin PBXNativeTarget section */
		0CE50DC13009BFAE001B34AA /* EnayaProvider */ = {
			isa = PBXNativeTarget;
			buildConfigurationList = 0CE50DE63009BFB0001B34AA /* Build configuration list for PBXNativeTarget "EnayaProvider" */;
			buildPhases = (
				0CE50DBE3009BFAE001B34AA /* Sources */,
				0CE50DBF3009BFAE001B34AA /* Frameworks */,
				0CE50DC03009BFAE001B34AA /* Resources */,
			);
			buildRules = (
			);
			dependencies = (
			);
			name = EnayaProvider;
			productName = EnayaProvider;
			productReference = 0CE50DC23009BFAE001B34AA /* EnayaProvider.app */;
			productType = "com.apple.product-type.application";
		};
		0CE50DD13009BFB0001B34AA /* EnayaProviderTests */ = {
			isa = PBXNativeTarget;
			buildConfigurationList = 0CE50DE93009BFB0001B34AA /* Build configuration list for PBXNativeTarget "EnayaProviderTests" */;
			buildPhases = (
				0CE50DCE3009BFB0001B34AA /* Sources */,
				0CE50DCF3009BFB0001B34AA /* Frameworks */,
				0CE50DD03009BFB0001B34AA /* Resources */,
			);
			buildRules = (
			);
			dependencies = (
				0CE50DD43009BFB0001B34AA /* PBXTargetDependency */,
			);
			name = EnayaProviderTests;
			productName = EnayaProviderTests;
			productReference = 0CE50DD23009BFB0001B34AA /* EnayaProviderTests.xctest */;
			productType = "com.apple.product-type.bundle.unit-test";
		};
		0CE50DDB3009BFB0001B34AA /* EnayaProviderUITests */ = {
			isa = PBXNativeTarget;
			buildConfigurationList = 0CE50DEC3009BFB0001B34AA /* Build configuration list for PBXNativeTarget "EnayaProviderUITests" */;
			buildPhases = (
				0CE50DD83009BFB0001B34AA /* Sources */,
				0CE50DD93009BFB0001B34AA /* Frameworks */,
				0CE50DDA3009BFB0001B34AA /* Resources */,
			);
			buildRules = (
			);
			dependencies = (
				0CE50DDE3009BFB0001B34AA /* PBXTargetDependency */,
			);
			name = EnayaProviderUITests;
			productName = EnayaProviderUITests;
			productReference = 0CE50DDC3009BFB0001B34AA /* EnayaProviderUITests.xctest */;
			productType = "com.apple.product-type.bundle.ui-testing";
		};
/* End PBXNativeTarget section */

/* Begin PBXProject section */
		0CE50DBA3009BFAE001B34AA /* Project object */ = {
			isa = PBXProject;
			attributes = {
				BuildIndependentTargetsInParallel = 1;
				LastSwiftUpdateCheck = 1540;
				LastUpgradeCheck = 1540;
				TargetAttributes = {
					0CE50DC13009BFAE001B34AA = {
						CreatedOnToolsVersion = 15.4;
					};
					0CE50DD13009BFB0001B34AA = {
						CreatedOnToolsVersion = 15.4;
						TestTargetID = 0CE50DC13009BFAE001B34AA;
					};
					0CE50DDB3009BFB0001B34AA = {
						CreatedOnToolsVersion = 15.4;
						TestTargetID = 0CE50DC13009BFAE001B34AA;
					};
				};
			};
			buildConfigurationList = 0CE50DBD3009BFAE001B34AA /* Build configuration list for PBXProject "EnayaProvider" */;
			compatibilityVersion = "Xcode 14.0";
			developmentRegion = en;
			hasScannedForEncodings = 0;
			knownRegions = (
				en,
				Base,
			);
			mainGroup = 0CE50DB93009BFAE001B34AA;
			packageReferences = (
				0CE50DEF3009BFF4001B34AA /* XCRemoteSwiftPackageReference "Alamofire" */,
			);
			productRefGroup = 0CE50DC33009BFAE001B34AA /* Products */;
			projectDirPath = "";
			projectRoot = "";
			targets = (
				0CE50DC13009BFAE001B34AA /* EnayaProvider */,
				0CE50DD13009BFB0001B34AA /* EnayaProviderTests */,
				0CE50DDB3009BFB0001B34AA /* EnayaProviderUITests */,
			);
		};
/* End PBXProject section */

/* Begin PBXResourcesBuildPhase section */
		0CE50DC03009BFAE001B34AA /* Resources */ = {
			isa = PBXResourcesBuildPhase;
			buildActionMask = 2147483647;
			files = (
				0CE50DCD3009BFAF001B34AA /* Preview Assets.xcassets in Resources */,
				C6C3BE72300A7CA300C5FC25 /* Poppins-Bold.ttf in Resources */,
				B3CAF25E300E8DEA006A9F5F /* Colors.xcassets in Resources */,
				C6C3BE73300A7CA300C5FC25 /* Poppins-Light.ttf in Resources */,
				C6C3BE74300A7CA300C5FC25 /* Assets.xcassets in Resources */,
				C6C3BE75300A7CA300C5FC25 /* Cairo-Light.ttf in Resources */,
				C6C3BE76300A7CA300C5FC25 /* Cairo-Regular.ttf in Resources */,
				C6C3BE77300A7CA300C5FC25 /* Cairo-Medium.ttf in Resources */,
				C6C3BE78300A7CA300C5FC25 /* Cairo-SemiBold.ttf in Resources */,
				C6C3BE79300A7CA300C5FC25 /* Poppins-Medium.ttf in Resources */,
				C6C3BE7A300A7CA300C5FC25 /* Cairo-Bold.ttf in Resources */,
				C6C3BE7B300A7CA300C5FC25 /* Poppins-Regular.ttf in Resources */,
				C6C3BE7D300A7CA300C5FC25 /* Poppins-SemiBold.ttf in Resources */,
			);
			runOnlyForDeploymentPostprocessing = 0;
		};
		0CE50DD03009BFB0001B34AA /* Resources */ = {
			isa = PBXResourcesBuildPhase;
			buildActionMask = 2147483647;
			files = (
			);
			runOnlyForDeploymentPostprocessing = 0;
		};
		0CE50DDA3009BFB0001B34AA /* Resources */ = {
			isa = PBXResourcesBuildPhase;
			buildActionMask = 2147483647;
			files = (
			);
			runOnlyForDeploymentPostprocessing = 0;
		};
/* End PBXResourcesBuildPhase section */

/* Begin PBXSourcesBuildPhase section */
		0CE50DBE3009BFAE001B34AA /* Sources */ = {
			isa = PBXSourcesBuildPhase;
			buildActionMask = 2147483647;
			files = (
				B3544D14300EA33F007EDB87 /* DocumentUploadCard.swift in Sources */,
				B3544D3B300EAD66007EDB87 /* DocumentRejectedViewModel.swift in Sources */,
				B3544D33300EAD02007EDB87 /* ApplicationStatusHeader.swift in Sources */,
				C6C3BE67300A7CA300C5FC25 /* Colors.swift in Sources */,
				B3544D41300EAE0D007EDB87 /* AccountVerifiedView.swift in Sources */,
				C6C3BE68300A7CA300C5FC25 /* Radius.swift in Sources */,
				C6C3BE69300A7CA300C5FC25 /* Shadow.swift in Sources */,
				B3544D3D300EADE2007EDB87 /* AccountVerifiedViewModel.swift in Sources */,
				B3544D10300EA32E007EDB87 /* SelectionField.swift in Sources */,
				C6C3BE6A300A7CA300C5FC25 /* ApiClient.swift in Sources */,
				B3544D28300EA3AA007EDB87 /* ReviewApplicationView.swift in Sources */,
				B3544D12300EA336007EDB87 /* DateOfBirthField.swift in Sources */,
				B3544D35300EAD1B007EDB87 /* StatusHeroBadge.swift in Sources */,
				C6C3BE6B300A7CA300C5FC25 /* AppImages.swift in Sources */,
				C6C3BE6C300A7CA300C5FC25 /* IconSize.swift in Sources */,
				C6C3BE85300A7EBD00C5FC25 /* AppState.swift in Sources */,
				B3544D3F300EAE03007EDB87 /* UnderReviewView.swift in Sources */,
				B3544D16300EA349007EDB87 /* ServiceSelectionGrid.swift in Sources */,
				C6C3BE86300A7EBD00C5FC25 /* AuthRouter.swift in Sources */,
				C6C3BE87300A7EBD00C5FC25 /* AuthCoordinator.swift in Sources */,
				B3544D24300EA39A007EDB87 /* ProfessionalInfoView.swift in Sources */,
				C6C3BE88300A7EBD00C5FC25 /* AuthRoute.swift in Sources */,
				B3CAF2BB300E9F38006A9F5F /* ApplicationStatus.swift in Sources */,
				C6C3BE6D300A7CA300C5FC25 /* DIContainer.swift in Sources */,
				B3544D39300EAD56007EDB87 /* UnderReviewViewModel.swift in Sources */,
				C6C3BE6E300A7CA300C5FC25 /* UtilityFile.swift in Sources */,
				C6C3BE6F300A7CA300C5FC25 /* Spacing.swift in Sources */,
				C6C3BEC1300A7EEE00C5FC25 /* AppHeader.swift in Sources */,
				B3544D0C300EA30B007EDB87 /* ProfileSetupHeaderBar.swift in Sources */,
				C6C3BEC2300A7EEE00C5FC25 /* AuthHeaderView.swift in Sources */,
				C6C3BEC3300A7EEE00C5FC25 /* mapperfile.swift in Sources */,
				C6C3BEC4300A7EEE00C5FC25 /* CustomInputView.swift in Sources */,
				B3544D31300EACDE007EDB87 /* RejectionTip.swift in Sources */,
				C6C3BEC6300A7EEE00C5FC25 /* GenderSelectionView.swift in Sources */,
				B3544D18300EA35A007EDB87 /* ReviewSectionCard.swift in Sources */,
				C6C3BEC7300A7EEE00C5FC25 /* EncryptionNoticeBanner.swift in Sources */,
				B3544D1A300EA367007EDB87 /* PersonalInfoViewModel.swift in Sources */,
				C6C3BEC8300A7EEE00C5FC25 /* AuthRepositoryProtocol.swift in Sources */,
				C6C3BEC9300A7EEE00C5FC25 /* AlertBanner.swift in Sources */,
				C6C3BECA300A7EEE00C5FC25 /* AuthRemoteDataSource.swift in Sources */,
				C6C3BECB300A7EEE00C5FC25 /* OTPResendSectionView.swift in Sources */,
				C6C3BECC300A7EEE00C5FC25 /* CompleteHealthProfileButton.swift in Sources */,
				C6C3BECD300A7EEE00C5FC25 /* ActionCard.swift in Sources */,
				B3544D1E300EA379007EDB87 /* ProvidedServicesViewModel.swift in Sources */,
				C6C3BECE300A7EEE00C5FC25 /* AuthViewModel.swift in Sources */,
				B3544D20300EA383007EDB87 /* ReviewApplicationViewModel.swift in Sources */,
				C6C3BECF300A7EEE00C5FC25 /* OTPDigitInputField.swift in Sources */,
				C6C3BED0300A7EEE00C5FC25 /* VerifyOTPUseCase.swift in Sources */,
				B3CAF268300E8EB2006A9F5F /* SecondaryChip.swift in Sources */,
				B3544D1C300EA371007EDB87 /* ProfessionalInfoViewModel.swift in Sources */,
				B3CAF269300E8EB2006A9F5F /* StepProgressHeader.swift in Sources */,
				B3CAF26A300E8EB2006A9F5F /* CarelyTextFieldSize.swift in Sources */,
				B3544D06300EA229007EDB87 /* ProvidedServices.swift in Sources */,
				B3544D04300EA20C007EDB87 /* ProfessionalInfo.swift in Sources */,
				B3544D22300EA38F007EDB87 /* PersonalInfoView.swift in Sources */,
				B3CAF26B300E8EB2006A9F5F /* CustomTextAreaView.swift in Sources */,
				B3CAF26C300E8EB2006A9F5F /* CarelyTextField.swift in Sources */,
				B3544D02300EA1F3007EDB87 /* PersonalInfo.swift in Sources */,
				B3CAF26D300E8EB2006A9F5F /* SecondaryButton.swift in Sources */,
				B3CAF26E300E8EB2006A9F5F /* PrimaryChip.swift in Sources */,
				B3CAF26F300E8EB2006A9F5F /* InfoBannerView.swift in Sources */,
				B3CAF270300E8EB2006A9F5F /* PrimaryButton.swift in Sources */,
				C6C3BED1300A7EEE00C5FC25 /* SecurityIndicator.swift in Sources */,
				C6C3BED2300A7EEE00C5FC25 /* WelcomeView.swift in Sources */,
				C6C3BED3300A7EEE00C5FC25 /* AuthRepositoryImpl.swift in Sources */,
				B3CAF2B9300E964C006A9F5F /* ProfileSetupData.swift in Sources */,
				B3544D37300EAD2F007EDB87 /* ChecklistItemState.swift in Sources */,
				C6C3BED4300A7EEE00C5FC25 /* OTPVerificationViewModel.swift in Sources */,
				C6C3BED5300A7EEE00C5FC25 /* PhoneNumberField.swift in Sources */,
				C6C3BED7300A7EEE00C5FC25 /* OTPVerificationView.swift in Sources */,
				C6C3BED9300A7EEE00C5FC25 /* OTPVerificationCardView.swift in Sources */,
				B3544D26300EA3A2007EDB87 /* ProvidedServicesView.swift in Sources */,
				C6C3BEDA300A7EEE00C5FC25 /* AuthError.swift in Sources */,
				C6C3BEDC300A7EEE00C5FC25 /* AuthDto.swift in Sources */,
				C6C3BEDE300A7EEE00C5FC25 /* OTPVerificationEntity.swift in Sources */,
				C6C3BEDF300A7EEE00C5FC25 /* loginButton.swift in Sources */,
				B3CAF29A300E9469006A9F5F /* ProfileSetupRepositoryImpl.swift in Sources */,
				B3544D43300EAE1A007EDB87 /* DocumentRejectedView.swift in Sources */,
				B3CAF2A8300E9469006A9F5F /* ProfileSetupCoordinatorView.swift in Sources */,
				B3544D09300EA2A6007EDB87 /* SubmitProfileApplicationUseCaseProtocol.swift in Sources */,
				B3CAF2AF300E9469006A9F5F /* ProfileSetupRepositoryProtocol.swift in Sources */,
				B3CAF2B3300E9469006A9F5F /* ProfileSetupStep.swift in Sources */,
				B3CAF2B6300E9469006A9F5F /* ProfileSetupCoordinator.swift in Sources */,
				C6C3BEE0300A7EEE00C5FC25 /* SecurityCard.swift in Sources */,
				C6C3BEE1300A7EEE00C5FC25 /* PhoneNumberView.swift in Sources */,
				C6C3BEE2300A7EEE00C5FC25 /* CustomDatePickerView.swift in Sources */,
				B3CAF25C300E8D7B006A9F5F /* CarelyButtonStyle.swift in Sources */,
				C6C3BEE6300A7EEE00C5FC25 /* PhoneNumberViewModel.swift in Sources */,
				C6C3BEE7300A7EEE00C5FC25 /* SkipForNowButton.swift in Sources */,
				C6C3BE70300A7CA300C5FC25 /* Typography.swift in Sources */,
				C6C3BE71300A7CA300C5FC25 /* Motion.swift in Sources */,
				0CE50DC83009BFAE001B34AA /* ContentView.swift in Sources */,
				0CE50DC63009BFAE001B34AA /* EnayaProviderApp.swift in Sources */,
				B3544D0E300EA325007EDB87 /* ProfileContinueFooter.swift in Sources */,
			);
			runOnlyForDeploymentPostprocessing = 0;
		};
		0CE50DCE3009BFB0001B34AA /* Sources */ = {
			isa = PBXSourcesBuildPhase;
			buildActionMask = 2147483647;
			files = (
				0CE50DD73009BFB0001B34AA /* EnayaProviderTests.swift in Sources */,
			);
			runOnlyForDeploymentPostprocessing = 0;
		};
		0CE50DD83009BFB0001B34AA /* Sources */ = {
			isa = PBXSourcesBuildPhase;
			buildActionMask = 2147483647;
			files = (
				0CE50DE33009BFB0001B34AA /* EnayaProviderUITestsLaunchTests.swift in Sources */,
				0CE50DE13009BFB0001B34AA /* EnayaProviderUITests.swift in Sources */,
			);
			runOnlyForDeploymentPostprocessing = 0;
		};
/* End PBXSourcesBuildPhase section */

/* Begin PBXTargetDependency section */
		0CE50DD43009BFB0001B34AA /* PBXTargetDependency */ = {
			isa = PBXTargetDependency;
			target = 0CE50DC13009BFAE001B34AA /* EnayaProvider */;
			targetProxy = 0CE50DD33009BFB0001B34AA /* PBXContainerItemProxy */;
		};
		0CE50DDE3009BFB0001B34AA /* PBXTargetDependency */ = {
			isa = PBXTargetDependency;
			target = 0CE50DC13009BFAE001B34AA /* EnayaProvider */;
			targetProxy = 0CE50DDD3009BFB0001B34AA /* PBXContainerItemProxy */;
		};
/* End PBXTargetDependency section */

/* Begin XCBuildConfiguration section */
		0CE50DE43009BFB0001B34AA /* Debug */ = {
			isa = XCBuildConfiguration;
			buildSettings = {
				ALWAYS_SEARCH_USER_PATHS = NO;
				ASSETCATALOG_COMPILER_GENERATE_SWIFT_ASSET_SYMBOL_EXTENSIONS = NO;
				CLANG_ANALYZER_NONNULL = YES;
				CLANG_ANALYZER_NUMBER_OBJECT_CONVERSION = YES_AGGRESSIVE;
				CLANG_CXX_LANGUAGE_STANDARD = "gnu++20";
				CLANG_ENABLE_MODULES = YES;
				CLANG_ENABLE_OBJC_ARC = YES;
				CLANG_ENABLE_OBJC_WEAK = YES;
				CLANG_WARN_BLOCK_CAPTURE_AUTORELEASING = YES;
				CLANG_WARN_BOOL_CONVERSION = YES;
				CLANG_WARN_COMMA = YES;
				CLANG_WARN_CONSTANT_CONVERSION = YES;
				CLANG_WARN_DEPRECATED_OBJC_IMPLEMENTATIONS = YES;
				CLANG_WARN_DIRECT_OBJC_ISA_USAGE = YES_ERROR;
				CLANG_WARN_DOCUMENTATION_COMMENTS = YES;
				CLANG_WARN_EMPTY_BODY = YES;
				CLANG_WARN_ENUM_CONVERSION = YES;
				CLANG_WARN_INFINITE_RECURSION = YES;
				CLANG_WARN_INT_CONVERSION = YES;
				CLANG_WARN_NON_LITERAL_NULL_CONVERSION = YES;
				CLANG_WARN_OBJC_IMPLICIT_RETAIN_SELF = YES;
				CLANG_WARN_OBJC_LITERAL_CONVERSION = YES;
				CLANG_WARN_OBJC_ROOT_CLASS = YES_ERROR;
				CLANG_WARN_QUOTED_INCLUDE_IN_FRAMEWORK_HEADER = YES;
				CLANG_WARN_RANGE_LOOP_ANALYSIS = YES;
				CLANG_WARN_STRICT_PROTOTYPES = YES;
				CLANG_WARN_SUSPICIOUS_MOVE = YES;
				CLANG_WARN_UNGUARDED_AVAILABILITY = YES_AGGRESSIVE;
				CLANG_WARN_UNREACHABLE_CODE = YES;
				CLANG_WARN__DUPLICATE_METHOD_MATCH = YES;
				COPY_PHASE_STRIP = NO;
				DEBUG_INFORMATION_FORMAT = dwarf;
				ENABLE_STRICT_OBJC_MSGSEND = YES;
				ENABLE_TESTABILITY = YES;
				ENABLE_USER_SCRIPT_SANDBOXING = YES;
				GCC_C_LANGUAGE_STANDARD = gnu17;
				GCC_DYNAMIC_NO_PIC = NO;
				GCC_NO_COMMON_BLOCKS = YES;
				GCC_OPTIMIZATION_LEVEL = 0;
				GCC_PREPROCESSOR_DEFINITIONS = (
					"DEBUG=1",
					"$(inherited)",
				);
				GCC_WARN_64_TO_32_BIT_CONVERSION = YES;
				GCC_WARN_ABOUT_RETURN_TYPE = YES_ERROR;
				GCC_WARN_UNDECLARED_SELECTOR = YES;
				GCC_WARN_UNINITIALIZED_AUTOS = YES_AGGRESSIVE;
				GCC_WARN_UNUSED_FUNCTION = YES;
				GCC_WARN_UNUSED_VARIABLE = YES;
				IPHONEOS_DEPLOYMENT_TARGET = 17.5;
				LOCALIZATION_PREFERS_STRING_CATALOGS = YES;
				MTL_ENABLE_DEBUG_INFO = INCLUDE_SOURCE;
				MTL_FAST_MATH = YES;
				ONLY_ACTIVE_ARCH = YES;
				SDKROOT = iphoneos;
				SWIFT_ACTIVE_COMPILATION_CONDITIONS = "DEBUG $(inherited)";
				SWIFT_OPTIMIZATION_LEVEL = "-Onone";
			};
			name = Debug;
		};
		0CE50DE53009BFB0001B34AA /* Release */ = {
			isa = XCBuildConfiguration;
			buildSettings = {
				ALWAYS_SEARCH_USER_PATHS = NO;
				ASSETCATALOG_COMPILER_GENERATE_SWIFT_ASSET_SYMBOL_EXTENSIONS = NO;
				CLANG_ANALYZER_NONNULL = YES;
				CLANG_ANALYZER_NUMBER_OBJECT_CONVERSION = YES_AGGRESSIVE;
				CLANG_CXX_LANGUAGE_STANDARD = "gnu++20";
				CLANG_ENABLE_MODULES = YES;
				CLANG_ENABLE_OBJC_ARC = YES;
				CLANG_ENABLE_OBJC_WEAK = YES;
				CLANG_WARN_BLOCK_CAPTURE_AUTORELEASING = YES;
				CLANG_WARN_BOOL_CONVERSION = YES;
				CLANG_WARN_COMMA = YES;
				CLANG_WARN_CONSTANT_CONVERSION = YES;
				CLANG_WARN_DEPRECATED_OBJC_IMPLEMENTATIONS = YES;
				CLANG_WARN_DIRECT_OBJC_ISA_USAGE = YES_ERROR;
				CLANG_WARN_DOCUMENTATION_COMMENTS = YES;
				CLANG_WARN_EMPTY_BODY = YES;
				CLANG_WARN_ENUM_CONVERSION = YES;
				CLANG_WARN_INFINITE_RECURSION = YES;
				CLANG_WARN_INT_CONVERSION = YES;
				CLANG_WARN_NON_LITERAL_NULL_CONVERSION = YES;
				CLANG_WARN_OBJC_IMPLICIT_RETAIN_SELF = YES;
				CLANG_WARN_OBJC_LITERAL_CONVERSION = YES;
				CLANG_WARN_OBJC_ROOT_CLASS = YES_ERROR;
				CLANG_WARN_QUOTED_INCLUDE_IN_FRAMEWORK_HEADER = YES;
				CLANG_WARN_RANGE_LOOP_ANALYSIS = YES;
				CLANG_WARN_STRICT_PROTOTYPES = YES;
				CLANG_WARN_SUSPICIOUS_MOVE = YES;
				CLANG_WARN_UNGUARDED_AVAILABILITY = YES_AGGRESSIVE;
				CLANG_WARN_UNREACHABLE_CODE = YES;
				CLANG_WARN__DUPLICATE_METHOD_MATCH = YES;
				COPY_PHASE_STRIP = NO;
				DEBUG_INFORMATION_FORMAT = "dwarf-with-dsym";
				ENABLE_NS_ASSERTIONS = NO;
				ENABLE_STRICT_OBJC_MSGSEND = YES;
				ENABLE_USER_SCRIPT_SANDBOXING = YES;
				GCC_C_LANGUAGE_STANDARD = gnu17;
				GCC_NO_COMMON_BLOCKS = YES;
				GCC_WARN_64_TO_32_BIT_CONVERSION = YES;
				GCC_WARN_ABOUT_RETURN_TYPE = YES_ERROR;
				GCC_WARN_UNDECLARED_SELECTOR = YES;
				GCC_WARN_UNINITIALIZED_AUTOS = YES_AGGRESSIVE;
				GCC_WARN_UNUSED_FUNCTION = YES;
				GCC_WARN_UNUSED_VARIABLE = YES;
				IPHONEOS_DEPLOYMENT_TARGET = 17.5;
				LOCALIZATION_PREFERS_STRING_CATALOGS = YES;
				MTL_ENABLE_DEBUG_INFO = NO;
				MTL_FAST_MATH = YES;
				SDKROOT = iphoneos;
				SWIFT_COMPILATION_MODE = wholemodule;
				VALIDATE_PRODUCT = YES;
			};
			name = Release;
		};
		0CE50DE73009BFB0001B34AA /* Debug */ = {
			isa = XCBuildConfiguration;
			buildSettings = {
				ASSETCATALOG_COMPILER_APPICON_NAME = AppIcon;
				ASSETCATALOG_COMPILER_GLOBAL_ACCENT_COLOR_NAME = AccentColor;
				CODE_SIGN_STYLE = Automatic;
				CURRENT_PROJECT_VERSION = 1;
				DEVELOPMENT_ASSET_PATHS = "\"EnayaProvider/Preview Content\"";
				ENABLE_PREVIEWS = YES;
				GENERATE_INFOPLIST_FILE = YES;
				INFOPLIST_FILE = EnayaProvider/Info.plist;
				INFOPLIST_KEY_UIApplicationSceneManifest_Generation = YES;
				INFOPLIST_KEY_UIApplicationSupportsIndirectInputEvents = YES;
				INFOPLIST_KEY_UILaunchScreen_Generation = YES;
				INFOPLIST_KEY_UISupportedInterfaceOrientations_iPad = "UIInterfaceOrientationPortrait UIInterfaceOrientationPortraitUpsideDown UIInterfaceOrientationLandscapeLeft UIInterfaceOrientationLandscapeRight";
				INFOPLIST_KEY_UISupportedInterfaceOrientations_iPhone = "UIInterfaceOrientationPortrait UIInterfaceOrientationLandscapeLeft UIInterfaceOrientationLandscapeRight";
				LD_RUNPATH_SEARCH_PATHS = (
					"$(inherited)",
					"@executable_path/Frameworks",
				);
				MARKETING_VERSION = 1.0;
				PRODUCT_BUNDLE_IDENTIFIER = iti.EnayaProvider;
				PRODUCT_NAME = "$(TARGET_NAME)";
				SWIFT_EMIT_LOC_STRINGS = YES;
				SWIFT_VERSION = 5.0;
				TARGETED_DEVICE_FAMILY = "1,2";
			};
			name = Debug;
		};
		0CE50DE83009BFB0001B34AA /* Release */ = {
			isa = XCBuildConfiguration;
			buildSettings = {
				ASSETCATALOG_COMPILER_APPICON_NAME = AppIcon;
				ASSETCATALOG_COMPILER_GLOBAL_ACCENT_COLOR_NAME = AccentColor;
				CODE_SIGN_STYLE = Automatic;
				CURRENT_PROJECT_VERSION = 1;
				DEVELOPMENT_ASSET_PATHS = "\"EnayaProvider/Preview Content\"";
				ENABLE_PREVIEWS = YES;
				GENERATE_INFOPLIST_FILE = YES;
				INFOPLIST_FILE = EnayaProvider/Info.plist;
				INFOPLIST_KEY_UIApplicationSceneManifest_Generation = YES;
				INFOPLIST_KEY_UIApplicationSupportsIndirectInputEvents = YES;
				INFOPLIST_KEY_UILaunchScreen_Generation = YES;
				INFOPLIST_KEY_UISupportedInterfaceOrientations_iPad = "UIInterfaceOrientationPortrait UIInterfaceOrientationPortraitUpsideDown UIInterfaceOrientationLandscapeLeft UIInterfaceOrientationLandscapeRight";
				INFOPLIST_KEY_UISupportedInterfaceOrientations_iPhone = "UIInterfaceOrientationPortrait UIInterfaceOrientationLandscapeLeft UIInterfaceOrientationLandscapeRight";
				LD_RUNPATH_SEARCH_PATHS = (
					"$(inherited)",
					"@executable_path/Frameworks",
				);
				MARKETING_VERSION = 1.0;
				PRODUCT_BUNDLE_IDENTIFIER = iti.EnayaProvider;
				PRODUCT_NAME = "$(TARGET_NAME)";
				SWIFT_EMIT_LOC_STRINGS = YES;
				SWIFT_VERSION = 5.0;
				TARGETED_DEVICE_FAMILY = "1,2";
			};
			name = Release;
		};
		0CE50DEA3009BFB0001B34AA /* Debug */ = {
			isa = XCBuildConfiguration;
			buildSettings = {
				ALWAYS_EMBED_SWIFT_STANDARD_LIBRARIES = YES;
				BUNDLE_LOADER = "$(TEST_HOST)";
				CODE_SIGN_STYLE = Automatic;
				CURRENT_PROJECT_VERSION = 1;
				GENERATE_INFOPLIST_FILE = YES;
				IPHONEOS_DEPLOYMENT_TARGET = 17.5;
				MARKETING_VERSION = 1.0;
				PRODUCT_BUNDLE_IDENTIFIER = iti.EnayaProviderTests;
				PRODUCT_NAME = "$(TARGET_NAME)";
				SWIFT_EMIT_LOC_STRINGS = NO;
				SWIFT_VERSION = 5.0;
				TARGETED_DEVICE_FAMILY = "1,2";
				TEST_HOST = "$(BUILT_PRODUCTS_DIR)/EnayaProvider.app/$(BUNDLE_EXECUTABLE_FOLDER_PATH)/EnayaProvider";
			};
			name = Debug;
		};
		0CE50DEB3009BFB0001B34AA /* Release */ = {
			isa = XCBuildConfiguration;
			buildSettings = {
				ALWAYS_EMBED_SWIFT_STANDARD_LIBRARIES = YES;
				BUNDLE_LOADER = "$(TEST_HOST)";
				CODE_SIGN_STYLE = Automatic;
				CURRENT_PROJECT_VERSION = 1;
				GENERATE_INFOPLIST_FILE = YES;
				IPHONEOS_DEPLOYMENT_TARGET = 17.5;
				MARKETING_VERSION = 1.0;
				PRODUCT_BUNDLE_IDENTIFIER = iti.EnayaProviderTests;
				PRODUCT_NAME = "$(TARGET_NAME)";
				SWIFT_EMIT_LOC_STRINGS = NO;
				SWIFT_VERSION = 5.0;
				TARGETED_DEVICE_FAMILY = "1,2";
				TEST_HOST = "$(BUILT_PRODUCTS_DIR)/EnayaProvider.app/$(BUNDLE_EXECUTABLE_FOLDER_PATH)/EnayaProvider";
			};
			name = Release;
		};
		0CE50DED3009BFB0001B34AA /* Debug */ = {
			isa = XCBuildConfiguration;
			buildSettings = {
				ALWAYS_EMBED_SWIFT_STANDARD_LIBRARIES = YES;
				CODE_SIGN_STYLE = Automatic;
				CURRENT_PROJECT_VERSION = 1;
				GENERATE_INFOPLIST_FILE = YES;
				MARKETING_VERSION = 1.0;
				PRODUCT_BUNDLE_IDENTIFIER = iti.EnayaProviderUITests;
				PRODUCT_NAME = "$(TARGET_NAME)";
				SWIFT_EMIT_LOC_STRINGS = NO;
				SWIFT_VERSION = 5.0;
				TARGETED_DEVICE_FAMILY = "1,2";
				TEST_TARGET_NAME = EnayaProvider;
			};
			name = Debug;
		};
		0CE50DEE3009BFB0001B34AA /* Release */ = {
			isa = XCBuildConfiguration;
			buildSettings = {
				ALWAYS_EMBED_SWIFT_STANDARD_LIBRARIES = YES;
				CODE_SIGN_STYLE = Automatic;
				CURRENT_PROJECT_VERSION = 1;
				GENERATE_INFOPLIST_FILE = YES;
				MARKETING_VERSION = 1.0;
				PRODUCT_BUNDLE_IDENTIFIER = iti.EnayaProviderUITests;
				PRODUCT_NAME = "$(TARGET_NAME)";
				SWIFT_EMIT_LOC_STRINGS = NO;
				SWIFT_VERSION = 5.0;
				TARGETED_DEVICE_FAMILY = "1,2";
				TEST_TARGET_NAME = EnayaProvider;
			};
			name = Release;
		};
/* End XCBuildConfiguration section */

/* Begin XCConfigurationList section */
		0CE50DBD3009BFAE001B34AA /* Build configuration list for PBXProject "EnayaProvider" */ = {
			isa = XCConfigurationList;
			buildConfigurations = (
				0CE50DE43009BFB0001B34AA /* Debug */,
				0CE50DE53009BFB0001B34AA /* Release */,
			);
			defaultConfigurationIsVisible = 0;
			defaultConfigurationName = Release;
		};
		0CE50DE63009BFB0001B34AA /* Build configuration list for PBXNativeTarget "EnayaProvider" */ = {
			isa = XCConfigurationList;
			buildConfigurations = (
				0CE50DE73009BFB0001B34AA /* Debug */,
				0CE50DE83009BFB0001B34AA /* Release */,
			);
			defaultConfigurationIsVisible = 0;
			defaultConfigurationName = Release;
		};
		0CE50DE93009BFB0001B34AA /* Build configuration list for PBXNativeTarget "EnayaProviderTests" */ = {
			isa = XCConfigurationList;
			buildConfigurations = (
				0CE50DEA3009BFB0001B34AA /* Debug */,
				0CE50DEB3009BFB0001B34AA /* Release */,
			);
			defaultConfigurationIsVisible = 0;
			defaultConfigurationName = Release;
		};
		0CE50DEC3009BFB0001B34AA /* Build configuration list for PBXNativeTarget "EnayaProviderUITests" */ = {
			isa = XCConfigurationList;
			buildConfigurations = (
				0CE50DED3009BFB0001B34AA /* Debug */,
				0CE50DEE3009BFB0001B34AA /* Release */,
			);
			defaultConfigurationIsVisible = 0;
			defaultConfigurationName = Release;
		};
/* End XCConfigurationList section */

/* Begin XCRemoteSwiftPackageReference section */
		0CE50DEF3009BFF4001B34AA /* XCRemoteSwiftPackageReference "Alamofire" */ = {
			isa = XCRemoteSwiftPackageReference;
			repositoryURL = "https://github.com/Alamofire/Alamofire.git";
			requirement = {
				kind = upToNextMajorVersion;
				minimumVersion = 5.10.0;
			};
		};
/* End XCRemoteSwiftPackageReference section */
	};
	rootObject = 0CE50DBA3009BFAE001B34AA /* Project object */;
}
